
Microsoft Visual Studio Solution File, Format Version 12.00
# Visual Studio 15
VisualStudioVersion = 15.0.28010.0
MinimumVisualStudioVersion = 10.0.40219.1
Project("{9A19103F-16F7-4668-BE54-9A1E7A4F7556}") = "Sylvester.Base", "Sylvester.Base\Sylvester.Base.csproj", "{42E8D976-5F1D-480F-B657-8E34B9AD26D0}"
EndProject
Project("{2150E333-8FDC-42A3-9474-1A3956D46DE8}") = "nativelibs", "nativelibs", "{7DE1256E-E67E-4A53-82D6-ADAF514DA554}"
EndProject
Project("{9A19103F-16F7-4668-BE54-9A1E7A4F7556}") = "Sylvester.Native.PlaidML.x64-win", "nativelibs\Sylvester.Native.PlaidML.x64-win\Sylvester.Native.PlaidML.x64-win.csproj", "{44C5D6E7-D8A2-4A02-929C-9ABD9C6A5BE9}"
EndProject
Project("{9A19103F-16F7-4668-BE54-9A1E7A4F7556}") = "Sylvester.Compiler.PlaidML", "Sylvester.Compiler.PlaidML\Sylvester.Compiler.PlaidML.csproj", "{4A133E72-8387-46CE-98AA-3F4225116743}"
EndProject
Project("{9A19103F-16F7-4668-BE54-9A1E7A4F7556}") = "Sylvester.Tests", "Sylvester.Tests\Sylvester.Tests.csproj", "{FB263224-6B8F-4F5F-B286-8EFE3A0E1A8F}"
	ProjectSection(ProjectDependencies) = postProject
		{9FFACF34-E3DA-422C-A1DE-6B1993CD73B4} = {9FFACF34-E3DA-422C-A1DE-6B1993CD73B4}
		{4A133E72-8387-46CE-98AA-3F4225116743} = {4A133E72-8387-46CE-98AA-3F4225116743}
		{42E8D976-5F1D-480F-B657-8E34B9AD26D0} = {42E8D976-5F1D-480F-B657-8E34B9AD26D0}
	EndProjectSection
EndProject
Project("{9A19103F-16F7-4668-BE54-9A1E7A4F7556}") = "Sylvester.Core", "Sylvester.Core\Sylvester.Core.csproj", "{9FFACF34-E3DA-422C-A1DE-6B1993CD73B4}"
EndProject
Global
	GlobalSection(SolutionConfigurationPlatforms) = preSolution
		Debug|x64 = Debug|x64
		Debug|x86 = Debug|x86
		Release|x64 = Release|x64
		Release|x86 = Release|x86
	EndGlobalSection
	GlobalSection(ProjectConfigurationPlatforms) = postSolution
		{42E8D976-5F1D-480F-B657-8E34B9AD26D0}.Debug|x64.ActiveCfg = Debug|x64
		{42E8D976-5F1D-480F-B657-8E34B9AD26D0}.Debug|x64.Build.0 = Debug|x64
		{42E8D976-5F1D-480F-B657-8E34B9AD26D0}.Debug|x86.ActiveCfg = Debug|x86
		{42E8D976-5F1D-480F-B657-8E34B9AD26D0}.Debug|x86.Build.0 = Debug|x86
		{42E8D976-5F1D-480F-B657-8E34B9AD26D0}.Release|x64.ActiveCfg = Release|x64
		{42E8D976-5F1D-480F-B657-8E34B9AD26D0}.Release|x64.Build.0 = Release|x64
		{42E8D976-5F1D-480F-B657-8E34B9AD26D0}.Release|x86.ActiveCfg = Release|x86
		{42E8D976-5F1D-480F-B657-8E34B9AD26D0}.Release|x86.Build.0 = Release|x86
		{44C5D6E7-D8A2-4A02-929C-9ABD9C6A5BE9}.Debug|x64.ActiveCfg = Debug|x64
		{44C5D6E7-D8A2-4A02-929C-9ABD9C6A5BE9}.Debug|x64.Build.0 = Debug|x64
		{44C5D6E7-D8A2-4A02-929C-9ABD9C6A5BE9}.Debug|x86.ActiveCfg = Debug|x86
		{44C5D6E7-D8A2-4A02-929C-9ABD9C6A5BE9}.Debug|x86.Build.0 = Debug|x86
		{44C5D6E7-D8A2-4A02-929C-9ABD9C6A5BE9}.Release|x64.ActiveCfg = Release|x64
		{44C5D6E7-D8A2-4A02-929C-9ABD9C6A5BE9}.Release|x64.Build.0 = Release|x64
		{44C5D6E7-D8A2-4A02-929C-9ABD9C6A5BE9}.Release|x86.ActiveCfg = Release|x86
		{44C5D6E7-D8A2-4A02-929C-9ABD9C6A5BE9}.Release|x86.Build.0 = Release|x86
		{4A133E72-8387-46CE-98AA-3F4225116743}.Debug|x64.ActiveCfg = Debug|x64
		{4A133E72-8387-46CE-98AA-3F4225116743}.Debug|x64.Build.0 = Debug|x64
		{4A133E72-8387-46CE-98AA-3F4225116743}.Debug|x86.ActiveCfg = Debug|x86
		{4A133E72-8387-46CE-98AA-3F4225116743}.Debug|x86.Build.0 = Debug|x86
		{4A133E72-8387-46CE-98AA-3F4225116743}.Release|x64.ActiveCfg = Release|Any CPU
		{4A133E72-8387-46CE-98AA-3F4225116743}.Release|x64.Build.0 = Release|Any CPU
		{4A133E72-8387-46CE-98AA-3F4225116743}.Release|x86.ActiveCfg = Release|x86
		{4A133E72-8387-46CE-98AA-3F4225116743}.Release|x86.Build.0 = Release|x86
		{FB263224-6B8F-4F5F-B286-8EFE3A0E1A8F}.Debug|x64.ActiveCfg = Debug|x64
		{FB263224-6B8F-4F5F-B286-8EFE3A0E1A8F}.Debug|x64.Build.0 = Debug|x64
		{FB263224-6B8F-4F5F-B286-8EFE3A0E1A8F}.Debug|x86.ActiveCfg = Debug|x86
		{FB263224-6B8F-4F5F-B286-8EFE3A0E1A8F}.Debug|x86.Build.0 = Debug|x86
		{FB263224-6B8F-4F5F-B286-8EFE3A0E1A8F}.Release|x64.ActiveCfg = Release|Any CPU
		{FB263224-6B8F-4F5F-B286-8EFE3A0E1A8F}.Release|x64.Build.0 = Release|Any CPU
		{FB263224-6B8F-4F5F-B286-8EFE3A0E1A8F}.Release|x86.ActiveCfg = Release|x86
		{FB263224-6B8F-4F5F-B286-8EFE3A0E1A8F}.Release|x86.Build.0 = Release|x86
		{9FFACF34-E3DA-422C-A1DE-6B1993CD73B4}.Debug|x64.ActiveCfg = Debug|x64
		{9FFACF34-E3DA-422C-A1DE-6B1993CD73B4}.Debug|x64.Build.0 = Debug|x64
		{9FFACF34-E3DA-422C-A1DE-6B1993CD73B4}.Debug|x86.ActiveCfg = Debug|x86
		{9FFACF34-E3DA-422C-A1DE-6B1993CD73B4}.Debug|x86.Build.0 = Debug|x86
		{9FFACF34-E3DA-422C-A1DE-6B1993CD73B4}.Release|x64.ActiveCfg = Release|Any CPU
		{9FFACF34-E3DA-422C-A1DE-6B1993CD73B4}.Release|x64.Build.0 = Release|Any CPU
		{9FFACF34-E3DA-422C-A1DE-6B1993CD73B4}.Release|x86.ActiveCfg = Release|x86
		{9FFACF34-E3DA-422C-A1DE-6B1993CD73B4}.Release|x86.Build.0 = Release|x86
	EndGlobalSection
	GlobalSection(SolutionProperties) = preSolution
		HideSolutionNode = FALSE
	EndGlobalSection
	GlobalSection(NestedProjects) = preSolution
		{44C5D6E7-D8A2-4A02-929C-9ABD9C6A5BE9} = {7DE1256E-E67E-4A53-82D6-ADAF514DA554}
	EndGlobalSection
	GlobalSection(ExtensibilityGlobals) = postSolution
		SolutionGuid = {5695620D-667A-4F6E-A95A-82E53070F748}
	EndGlobalSection
EndGlobal
