
Microsoft Visual Studio Solution File, Format Version 12.00
# Visual Studio 15
VisualStudioVersion = 15.0.28010.0
MinimumVisualStudioVersion = 10.0.40219.1
Project("{FAE04EC0-301F-11D3-BF4B-00C04F79EFBC}") = "Sylvester.Base", "Sylvester.Base\Sylvester.Base.csproj", "{42E8D976-5F1D-480F-B657-8E34B9AD26D0}"
EndProject
Global
	GlobalSection(SolutionConfigurationPlatforms) = preSolution
		Debug|Any CPU = Debug|Any CPU
		Release|Any CPU = Release|Any CPU
	EndGlobalSection
	GlobalSection(ProjectConfigurationPlatforms) = postSolution
		{42E8D976-5F1D-480F-B657-8E34B9AD26D0}.Debug|Any CPU.ActiveCfg = Debug|Any CPU
		{42E8D976-5F1D-480F-B657-8E34B9AD26D0}.Debug|Any CPU.Build.0 = Debug|Any CPU
		{42E8D976-5F1D-480F-B657-8E34B9AD26D0}.Release|Any CPU.ActiveCfg = Release|Any CPU
		{42E8D976-5F1D-480F-B657-8E34B9AD26D0}.Release|Any CPU.Build.0 = Release|Any CPU
	EndGlobalSection
	GlobalSection(SolutionProperties) = preSolution
		HideSolutionNode = FALSE
	EndGlobalSection
	GlobalSection(ExtensibilityGlobals) = postSolution
		SolutionGuid = {5695620D-667A-4F6E-A95A-82E53070F748}
	EndGlobalSection
EndGlobal
