Microsoft Visual Studio Solution File, Format Version 12.00
# Visual Studio 15
VisualStudioVersion = 15.0.28010.2048
MinimumVisualStudioVersion = 10.0.40219.1
Project("{2150E333-8FDC-42A3-9474-1A3956D46DE8}") = ".paket", ".paket", "{63297B98-5CED-492C-A5B7-A5B4F73CF142}"
	ProjectSection(SolutionItems) = preProject
		paket.dependencies = paket.dependencies
	EndProjectSection
EndProject
Project("{6EC3EE1D-3C4E-46DD-8F32-0CC8E7565705}") = "Sylvester.Provider.Tensors.Runtime", "src\Sylvester.Provider.Tensors.Runtime\Sylvester.Provider.Tensors.Runtime.fsproj", "{4F9CC7B5-54E8-4E2E-9AD9-471F41C7C2E7}"
EndProject
Project("{6EC3EE1D-3C4E-46DD-8F32-0CC8E7565705}") = "Sylvester.Provider.Tensors.DesignTime", "src\Sylvester.Provider.Tensors.DesignTime\Sylvester.Provider.Tensors.DesignTime.fsproj", "{6D334612-413D-428A-9D3E-77CD2D1EF822}"
EndProject
Project("{2150E333-8FDC-42A3-9474-1A3956D46DE8}") = "tests", "tests", "{ED8079DD-2B06-4030-9F0F-DC548F98E1C4}"
EndProject
Project("{2150E333-8FDC-42A3-9474-1A3956D46DE8}") = "Solution Items", "Solution Items", "{3074966B-6676-4EE5-A3E9-ADD2356D0F31}"
	ProjectSection(SolutionItems) = preProject
		src\Sylvester.Provider.Tensors.Runtime\paket.template = src\Sylvester.Provider.Tensors.Runtime\paket.template
	EndProjectSection
EndProject
Global
	GlobalSection(SolutionConfigurationPlatforms) = preSolution
		Debug|Any CPU = Debug|Any CPU
		Release|Any CPU = Release|Any CPU
	EndGlobalSection
	GlobalSection(ProjectConfigurationPlatforms) = postSolution
		{4F9CC7B5-54E8-4E2E-9AD9-471F41C7C2E7}.Debug|Any CPU.ActiveCfg = Debug|Any CPU
		{4F9CC7B5-54E8-4E2E-9AD9-471F41C7C2E7}.Debug|Any CPU.Build.0 = Debug|Any CPU
		{4F9CC7B5-54E8-4E2E-9AD9-471F41C7C2E7}.Release|Any CPU.ActiveCfg = Release|Any CPU
		{4F9CC7B5-54E8-4E2E-9AD9-471F41C7C2E7}.Release|Any CPU.Build.0 = Release|Any CPU
		{6D334612-413D-428A-9D3E-77CD2D1EF822}.Debug|Any CPU.ActiveCfg = Debug|Any CPU
		{6D334612-413D-428A-9D3E-77CD2D1EF822}.Debug|Any CPU.Build.0 = Debug|Any CPU
		{6D334612-413D-428A-9D3E-77CD2D1EF822}.Release|Any CPU.ActiveCfg = Release|Any CPU
		{6D334612-413D-428A-9D3E-77CD2D1EF822}.Release|Any CPU.Build.0 = Release|Any CPU
	EndGlobalSection
	GlobalSection(SolutionProperties) = preSolution
		HideSolutionNode = FALSE
	EndGlobalSection
	GlobalSection(ExtensibilityGlobals) = postSolution
		SolutionGuid = {634EEDD2-6D3A-46AE-B560-90F8808C0011}
	EndGlobalSection
EndGlobal
