Microsoft Visual Studio Solution File, Format Version 12.00
# Visual Studio 2013
VisualStudioVersion = 12.0.31101.0
MinimumVisualStudioVersion = 10.0.40219.1
Project("{2150E333-8FDC-42A3-9474-1A3956D46DE8}") = ".paket", ".paket", "{63297B98-5CED-492C-A5B7-A5B4F73CF142}"
	ProjectSection(SolutionItems) = preProject
		paket.dependencies = paket.dependencies
	EndProjectSection
EndProject
Project("{F2A71F9B-5D33-465A-A702-920D77279786}") = "Sylvester.Provider.Arithmetic.Runtime", "src\Sylvester.Provider.Arithmetic.Runtime\Sylvester.Provider.Arithmetic.Runtime.fsproj", "{A1283BDC-16C1-4B04-A6FA-C9E0B81F188D}"
EndProject
Project("{F2A71F9B-5D33-465A-A702-920D77279786}") = "Sylvester.Provider.Arithmetic.DesignTime", "src\Sylvester.Provider.Arithmetic.DesignTime\Sylvester.Provider.Arithmetic.DesignTime.fsproj", "{F0EC6CC0-DB1C-45F8-9A56-E6070FB58B0C}"
EndProject
Project("{2150E333-8FDC-42A3-9474-1A3956D46DE8}") = "tests", "tests", "{ED8079DD-2B06-4030-9F0F-DC548F98E1C4}"
EndProject
Project("{F2A71F9B-5D33-465A-A702-920D77279786}") = "Sylvester.Provider.Arithmetic.Tests", "tests\Sylvester.Provider.Arithmetic.Tests\Sylvester.Provider.Arithmetic.Tests.fsproj", "{6C154231-D335-4291-8265-33C1AE7A1F30}"
EndProject
Global
	GlobalSection(SolutionConfigurationPlatforms) = preSolution
		Debug|Any CPU = Debug|Any CPU
		Release|Any CPU = Release|Any CPU
	EndGlobalSection
	GlobalSection(ProjectConfigurationPlatforms) = postSolution
		{A1283BDC-16C1-4B04-A6FA-C9E0B81F188D}.Debug|Any CPU.ActiveCfg = Debug|Any CPU
		{A1283BDC-16C1-4B04-A6FA-C9E0B81F188D}.Debug|Any CPU.Build.0 = Debug|Any CPU
		{A1283BDC-16C1-4B04-A6FA-C9E0B81F188D}.Release|Any CPU.ActiveCfg = Release|Any CPU
		{A1283BDC-16C1-4B04-A6FA-C9E0B81F188D}.Release|Any CPU.Build.0 = Release|Any CPU
		{F0EC6CC0-DB1C-45F8-9A56-E6070FB58B0C}.Debug|Any CPU.ActiveCfg = Debug|Any CPU
		{F0EC6CC0-DB1C-45F8-9A56-E6070FB58B0C}.Debug|Any CPU.Build.0 = Debug|Any CPU
		{F0EC6CC0-DB1C-45F8-9A56-E6070FB58B0C}.Release|Any CPU.ActiveCfg = Release|Any CPU
		{F0EC6CC0-DB1C-45F8-9A56-E6070FB58B0C}.Release|Any CPU.Build.0 = Release|Any CPU
		{6C154231-D335-4291-8265-33C1AE7A1F30}.Debug|Any CPU.ActiveCfg = Debug|Any CPU
		{6C154231-D335-4291-8265-33C1AE7A1F30}.Debug|Any CPU.Build.0 = Debug|Any CPU
		{6C154231-D335-4291-8265-33C1AE7A1F30}.Release|Any CPU.ActiveCfg = Release|Any CPU
		{6C154231-D335-4291-8265-33C1AE7A1F30}.Release|Any CPU.Build.0 = Release|Any CPU
	EndGlobalSection
	GlobalSection(SolutionProperties) = preSolution
		HideSolutionNode = FALSE
	EndGlobalSection
	GlobalSection(NestedProjects) = preSolution
		{6C154231-D335-4291-8265-33C1AE7A1F30} = {ED8079DD-2B06-4030-9F0F-DC548F98E1C4}
	EndGlobalSection
EndGlobal
