Microsoft Visual Studio Solution File, Format Version 12.00
# Visual Studio 2013
VisualStudioVersion = 12.0.31101.0
MinimumVisualStudioVersion = 10.0.40219.1
Project("{2150E333-8FDC-42A3-9474-1A3956D46DE8}") = ".paket", ".paket", "{63297B98-5CED-492C-A5B7-A5B4F73CF142}"
	ProjectSection(SolutionItems) = preProject
		paket.dependencies = paket.dependencies
	EndProjectSection
EndProject
Project("{F2A71F9B-5D33-465A-A702-920D77279786}") = "Sylvester.Provider.ND.Runtime", "src\Sylvester.Provider.ND.Runtime\Sylvester.Provider.ND.Runtime.fsproj", "{A1E0A0C2-085B-4B6A-BACC-FF304FA8316F}"
EndProject
Project("{F2A71F9B-5D33-465A-A702-920D77279786}") = "Sylvester.Provider.ND.DesignTime", "src\Sylvester.Provider.ND.DesignTime\Sylvester.Provider.ND.DesignTime.fsproj", "{573AB056-4794-4E1A-8B68-4077E34A4A36}"
EndProject
Project("{2150E333-8FDC-42A3-9474-1A3956D46DE8}") = "tests", "tests", "{ED8079DD-2B06-4030-9F0F-DC548F98E1C4}"
EndProject
Project("{F2A71F9B-5D33-465A-A702-920D77279786}") = "Sylvester.Provider.ND.Tests", "tests\Sylvester.Provider.ND.Tests\Sylvester.Provider.ND.Tests.fsproj", "{D43F5676-A2DE-4B83-9D72-6BB7B8E2EB11}"
EndProject
Global
	GlobalSection(SolutionConfigurationPlatforms) = preSolution
		Debug|Any CPU = Debug|Any CPU
		Release|Any CPU = Release|Any CPU
	EndGlobalSection
	GlobalSection(ProjectConfigurationPlatforms) = postSolution
		{A1E0A0C2-085B-4B6A-BACC-FF304FA8316F}.Debug|Any CPU.ActiveCfg = Debug|Any CPU
		{A1E0A0C2-085B-4B6A-BACC-FF304FA8316F}.Debug|Any CPU.Build.0 = Debug|Any CPU
		{A1E0A0C2-085B-4B6A-BACC-FF304FA8316F}.Release|Any CPU.ActiveCfg = Release|Any CPU
		{A1E0A0C2-085B-4B6A-BACC-FF304FA8316F}.Release|Any CPU.Build.0 = Release|Any CPU
		{573AB056-4794-4E1A-8B68-4077E34A4A36}.Debug|Any CPU.ActiveCfg = Debug|Any CPU
		{573AB056-4794-4E1A-8B68-4077E34A4A36}.Debug|Any CPU.Build.0 = Debug|Any CPU
		{573AB056-4794-4E1A-8B68-4077E34A4A36}.Release|Any CPU.ActiveCfg = Release|Any CPU
		{573AB056-4794-4E1A-8B68-4077E34A4A36}.Release|Any CPU.Build.0 = Release|Any CPU
		{D43F5676-A2DE-4B83-9D72-6BB7B8E2EB11}.Debug|Any CPU.ActiveCfg = Debug|Any CPU
		{D43F5676-A2DE-4B83-9D72-6BB7B8E2EB11}.Debug|Any CPU.Build.0 = Debug|Any CPU
		{D43F5676-A2DE-4B83-9D72-6BB7B8E2EB11}.Release|Any CPU.ActiveCfg = Release|Any CPU
		{D43F5676-A2DE-4B83-9D72-6BB7B8E2EB11}.Release|Any CPU.Build.0 = Release|Any CPU
	EndGlobalSection
	GlobalSection(SolutionProperties) = preSolution
		HideSolutionNode = FALSE
	EndGlobalSection
	GlobalSection(NestedProjects) = preSolution
		{D43F5676-A2DE-4B83-9D72-6BB7B8E2EB11} = {ED8079DD-2B06-4030-9F0F-DC548F98E1C4}
	EndGlobalSection
EndGlobal
