Microsoft Visual Studio Solution File, Format Version 12.00
# Visual Studio 2013
VisualStudioVersion = 12.0.31101.0
MinimumVisualStudioVersion = 10.0.40219.1
Project("{2150E333-8FDC-42A3-9474-1A3956D46DE8}") = ".paket", ".paket", "{63297B98-5CED-492C-A5B7-A5B4F73CF142}"
	ProjectSection(SolutionItems) = preProject
		paket.dependencies = paket.dependencies
	EndProjectSection
EndProject
Project("{F2A71F9B-5D33-465A-A702-920D77279786}") = "Sylvester.Provider.tf.Graphs.Runtime", "src\Sylvester.Provider.tf.Graphs.Runtime\Sylvester.Provider.tf.Graphs.Runtime.fsproj", "{6F4F6C4C-ACC8-417D-8193-65FCDF58529B}"
EndProject
Project("{F2A71F9B-5D33-465A-A702-920D77279786}") = "Sylvester.Provider.tf.Graphs.DesignTime", "src\Sylvester.Provider.tf.Graphs.DesignTime\Sylvester.Provider.tf.Graphs.DesignTime.fsproj", "{4FE548AB-AD15-4691-A3F4-7BF56707702A}"
EndProject
Project("{2150E333-8FDC-42A3-9474-1A3956D46DE8}") = "tests", "tests", "{ED8079DD-2B06-4030-9F0F-DC548F98E1C4}"
EndProject
Project("{F2A71F9B-5D33-465A-A702-920D77279786}") = "Sylvester.Provider.tf.Graphs.Tests", "tests\Sylvester.Provider.tf.Graphs.Tests\Sylvester.Provider.tf.Graphs.Tests.fsproj", "{616A47CB-AEB1-4C59-B1C4-49AE55867E62}"
EndProject
Global
	GlobalSection(SolutionConfigurationPlatforms) = preSolution
		Debug|Any CPU = Debug|Any CPU
		Release|Any CPU = Release|Any CPU
	EndGlobalSection
	GlobalSection(ProjectConfigurationPlatforms) = postSolution
		{6F4F6C4C-ACC8-417D-8193-65FCDF58529B}.Debug|Any CPU.ActiveCfg = Debug|Any CPU
		{6F4F6C4C-ACC8-417D-8193-65FCDF58529B}.Debug|Any CPU.Build.0 = Debug|Any CPU
		{6F4F6C4C-ACC8-417D-8193-65FCDF58529B}.Release|Any CPU.ActiveCfg = Release|Any CPU
		{6F4F6C4C-ACC8-417D-8193-65FCDF58529B}.Release|Any CPU.Build.0 = Release|Any CPU
		{4FE548AB-AD15-4691-A3F4-7BF56707702A}.Debug|Any CPU.ActiveCfg = Debug|Any CPU
		{4FE548AB-AD15-4691-A3F4-7BF56707702A}.Debug|Any CPU.Build.0 = Debug|Any CPU
		{4FE548AB-AD15-4691-A3F4-7BF56707702A}.Release|Any CPU.ActiveCfg = Release|Any CPU
		{4FE548AB-AD15-4691-A3F4-7BF56707702A}.Release|Any CPU.Build.0 = Release|Any CPU
		{616A47CB-AEB1-4C59-B1C4-49AE55867E62}.Debug|Any CPU.ActiveCfg = Debug|Any CPU
		{616A47CB-AEB1-4C59-B1C4-49AE55867E62}.Debug|Any CPU.Build.0 = Debug|Any CPU
		{616A47CB-AEB1-4C59-B1C4-49AE55867E62}.Release|Any CPU.ActiveCfg = Release|Any CPU
		{616A47CB-AEB1-4C59-B1C4-49AE55867E62}.Release|Any CPU.Build.0 = Release|Any CPU
	EndGlobalSection
	GlobalSection(SolutionProperties) = preSolution
		HideSolutionNode = FALSE
	EndGlobalSection
	GlobalSection(NestedProjects) = preSolution
		{616A47CB-AEB1-4C59-B1C4-49AE55867E62} = {ED8079DD-2B06-4030-9F0F-DC548F98E1C4}
	EndGlobalSection
EndGlobal
