Microsoft Visual Studio Solution File, Format Version 12.00
# Visual Studio 2013
VisualStudioVersion = 12.0.31101.0
MinimumVisualStudioVersion = 10.0.40219.1
Project("{2150E333-8FDC-42A3-9474-1A3956D46DE8}") = ".paket", ".paket", "{63297B98-5CED-492C-A5B7-A5B4F73CF142}"
	ProjectSection(SolutionItems) = preProject
		paket.dependencies = paket.dependencies
	EndProjectSection
EndProject
Project("{F2A71F9B-5D33-465A-A702-920D77279786}") = "Sylvester.Provider.NDArray.Runtime", "src\Sylvester.Provider.NDArray.Runtime\Sylvester.Provider.NDArray.Runtime.fsproj", "{6EE768EE-28A7-4363-93AA-697F1D984288}"
EndProject
Project("{F2A71F9B-5D33-465A-A702-920D77279786}") = "Sylvester.Provider.NDArray.DesignTime", "src\Sylvester.Provider.NDArray.DesignTime\Sylvester.Provider.NDArray.DesignTime.fsproj", "{9850666B-70F8-425D-9D12-2B15D5B0FD81}"
EndProject
Project("{2150E333-8FDC-42A3-9474-1A3956D46DE8}") = "tests", "tests", "{ED8079DD-2B06-4030-9F0F-DC548F98E1C4}"
EndProject
Project("{F2A71F9B-5D33-465A-A702-920D77279786}") = "Sylvester.Provider.NDArray.Tests", "tests\Sylvester.Provider.NDArray.Tests\Sylvester.Provider.NDArray.Tests.fsproj", "{BE6956C9-184C-4DBF-9DBC-9D949CE19220}"
EndProject
Global
	GlobalSection(SolutionConfigurationPlatforms) = preSolution
		Debug|Any CPU = Debug|Any CPU
		Release|Any CPU = Release|Any CPU
	EndGlobalSection
	GlobalSection(ProjectConfigurationPlatforms) = postSolution
		{6EE768EE-28A7-4363-93AA-697F1D984288}.Debug|Any CPU.ActiveCfg = Debug|Any CPU
		{6EE768EE-28A7-4363-93AA-697F1D984288}.Debug|Any CPU.Build.0 = Debug|Any CPU
		{6EE768EE-28A7-4363-93AA-697F1D984288}.Release|Any CPU.ActiveCfg = Release|Any CPU
		{6EE768EE-28A7-4363-93AA-697F1D984288}.Release|Any CPU.Build.0 = Release|Any CPU
		{9850666B-70F8-425D-9D12-2B15D5B0FD81}.Debug|Any CPU.ActiveCfg = Debug|Any CPU
		{9850666B-70F8-425D-9D12-2B15D5B0FD81}.Debug|Any CPU.Build.0 = Debug|Any CPU
		{9850666B-70F8-425D-9D12-2B15D5B0FD81}.Release|Any CPU.ActiveCfg = Release|Any CPU
		{9850666B-70F8-425D-9D12-2B15D5B0FD81}.Release|Any CPU.Build.0 = Release|Any CPU
		{BE6956C9-184C-4DBF-9DBC-9D949CE19220}.Debug|Any CPU.ActiveCfg = Debug|Any CPU
		{BE6956C9-184C-4DBF-9DBC-9D949CE19220}.Debug|Any CPU.Build.0 = Debug|Any CPU
		{BE6956C9-184C-4DBF-9DBC-9D949CE19220}.Release|Any CPU.ActiveCfg = Release|Any CPU
		{BE6956C9-184C-4DBF-9DBC-9D949CE19220}.Release|Any CPU.Build.0 = Release|Any CPU
	EndGlobalSection
	GlobalSection(SolutionProperties) = preSolution
		HideSolutionNode = FALSE
	EndGlobalSection
	GlobalSection(NestedProjects) = preSolution
		{BE6956C9-184C-4DBF-9DBC-9D949CE19220} = {ED8079DD-2B06-4030-9F0F-DC548F98E1C4}
	EndGlobalSection
EndGlobal
