
Microsoft Visual Studio Solution File, Format Version 12.00
# Visual Studio Version 16
VisualStudioVersion = 16.0.29102.190
MinimumVisualStudioVersion = 10.0.40219.1
Project("{2150E333-8FDC-42A3-9474-1A3956D46DE8}") = "Base", "Base", "{6B594C72-1F63-42A3-87DB-CC18B5724753}"
EndProject
Project("{2150E333-8FDC-42A3-9474-1A3956D46DE8}") = "Compilers", "Compilers", "{382469D4-786B-46FC-AFD3-00FEE4BE2FBD}"
EndProject
Project("{2150E333-8FDC-42A3-9474-1A3956D46DE8}") = "Tests", "Tests", "{578D2618-B994-4B73-9838-9E05E0132C26}"
EndProject
Project("{6EC3EE1D-3C4E-46DD-8F32-0CC8E7565705}") = "Sylvester.Arithmetic.FixedPoint", "Base\Sylvester.Arithmetic.FixedPoint\Sylvester.Arithmetic.FixedPoint.fsproj", "{4E51BA61-D5BF-48AD-9320-0D75863159A6}"
EndProject
Project("{9A19103F-16F7-4668-BE54-9A1E7A4F7556}") = "Sylvester.Compiler.PlaidML.Api", "Compilers\plaidml\Sylvester.Compiler.PlaidML.Api\Sylvester.Compiler.PlaidML.Api.csproj", "{3EAA0046-8055-4FE6-B095-D0AE8D439392}"
EndProject
Project("{FAE04EC0-301F-11D3-BF4B-00C04F79EFBC}") = "Sylvester.Bindings", "Base\Sylvester.Bindings\Sylvester.Bindings.csproj", "{3FE81F5C-8518-488E-93A5-98E64974F1A0}"
EndProject
Project("{9A19103F-16F7-4668-BE54-9A1E7A4F7556}") = "Sylvester.Compiler.PlaidML", "Compilers\plaidml\Sylvester.Compiler.PlaidML\Sylvester.Compiler.PlaidML.csproj", "{AC1D3D9E-F4CE-4963-9D27-0C210AE99A8A}"
EndProject
Project("{6EC3EE1D-3C4E-46DD-8F32-0CC8E7565705}") = "Sylvester.Tests.Arithmetic", "..\tests\Sylvester.Tests.Arithmetic\Sylvester.Tests.Arithmetic.fsproj", "{A15214CE-5DE5-454C-8F7B-1B645C871E84}"
EndProject
Project("{6EC3EE1D-3C4E-46DD-8F32-0CC8E7565705}") = "Sylvester.Tensors", "Lang\Sylvester.Tensors\Sylvester.Tensors.fsproj", "{7210C64B-76A0-4937-AF89-C10970777E5A}"
EndProject
Project("{2150E333-8FDC-42A3-9474-1A3956D46DE8}") = "Examples", "Examples", "{304EBF22-7BE1-4F6D-A444-5625BAAE5FDD}"
	ProjectSection(SolutionItems) = preProject
		..\examples\Tensors.fsx = ..\examples\Tensors.fsx
		..\examples\VList.fsx = ..\examples\VList.fsx
	EndProjectSection
EndProject
Project("{2150E333-8FDC-42A3-9474-1A3956D46DE8}") = "Interactive", "Interactive", "{1BBCE66D-39C7-4576-8F60-1526BCD478A6}"
	ProjectSection(SolutionItems) = preProject
		..\tests\Interactive\ArithmeticProvider.fsx = ..\tests\Interactive\ArithmeticProvider.fsx
		..\tests\Interactive\FixedPoint.fsx = ..\tests\Interactive\FixedPoint.fsx
	EndProjectSection
EndProject
Project("{6EC3EE1D-3C4E-46DD-8F32-0CC8E7565705}") = "Sylvester.Tests.Examples", "..\tests\Sylvester.Tests.Examples\Sylvester.Tests.Examples.fsproj", "{D69ECDC9-6EAA-4A40-B27E-E3E7FA1B4F76}"
EndProject
Project("{6EC3EE1D-3C4E-46DD-8F32-0CC8E7565705}") = "Sylvester.Collections", "Base\Sylvester.Collections\Sylvester.Collections.fsproj", "{F5E850DF-69BE-4A1E-8E7B-144A144DF025}"
EndProject
Project("{2150E333-8FDC-42A3-9474-1A3956D46DE8}") = "External", "External", "{09FAC507-B6C0-4A57-BBA5-7D5B4F180F6F}"
EndProject
Project("{6EC3EE1D-3C4E-46DD-8F32-0CC8E7565705}") = "DiffSharp", "..\ext\DiffSharp\src\DiffSharp\DiffSharp.fsproj", "{3D80092E-A53A-4DAD-8270-01141ABE42D4}"
EndProject
Project("{6EC3EE1D-3C4E-46DD-8F32-0CC8E7565705}") = "Sylvester.Tests.Tensors", "..\tests\Sylvester.Tests.Tensors\Sylvester.Tests.Tensors.fsproj", "{ADEE25E0-F96A-4B45-88AE-A0A6AA9B7684}"
EndProject
Project("{2150E333-8FDC-42A3-9474-1A3956D46DE8}") = "Compose2019", "Compose2019", "{DDD3DB6D-EA98-4D6E-AB29-6AABCFEA68D1}"
	ProjectSection(SolutionItems) = preProject
		..\examples\compose2019\Goals.fsx = ..\examples\compose2019\Goals.fsx
		..\examples\compose2019\Lightweight.fsx = ..\examples\compose2019\Lightweight.fsx
	EndProjectSection
EndProject
Project("{2150E333-8FDC-42A3-9474-1A3956D46DE8}") = "data", "data", "{5A137A1D-ED82-485C-9F2B-11937582C0DF}"
	ProjectSection(SolutionItems) = preProject
		..\examples\data\iris.data = ..\examples\data\iris.data
	EndProjectSection
EndProject
Project("{2150E333-8FDC-42A3-9474-1A3956D46DE8}") = "Data", "Data", "{1EF4A0C4-252E-480B-959D-4012B88356A4}"
EndProject
Project("{9A19103F-16F7-4668-BE54-9A1E7A4F7556}") = "Sylvester.DataFrame.Dynamic", "Data\Sylvester.DataFrame.Dynamic\Sylvester.DataFrame.Dynamic.csproj", "{CD05CADB-D3FC-401D-AFD4-61ED28AE7239}"
EndProject
Project("{9A19103F-16F7-4668-BE54-9A1E7A4F7556}") = "Sylvester.Tests.DataFrame.Cs", "..\tests\Sylvester.Tests.DataFrame.Cs\Sylvester.Tests.DataFrame.Cs.csproj", "{57AF23B0-3F74-4CCC-8CB2-77B606A1C023}"
EndProject
Project("{9A19103F-16F7-4668-BE54-9A1E7A4F7556}") = "Sylvester.Data", "Base\Sylvester.Data\Sylvester.Data.csproj", "{66CFEC59-94A2-4FBE-9EE5-B75E36BC85AF}"
EndProject
Project("{9A19103F-16F7-4668-BE54-9A1E7A4F7556}") = "Sylvester.Tests.Data.Cs", "..\tests\Sylvester.Tests.Data.Cs\Sylvester.Tests.Data.Cs.csproj", "{FBE1D7CE-C021-4663-B82E-0DEA03196AD5}"
EndProject
Project("{2150E333-8FDC-42A3-9474-1A3956D46DE8}") = "data", "data", "{B94CF0C7-44C1-4BD2-96C8-34187762187D}"
	ProjectSection(SolutionItems) = preProject
		..\tests\data\mtcars.csv = ..\tests\data\mtcars.csv
		..\tests\data\transfusion.data = ..\tests\data\transfusion.data
	EndProjectSection
EndProject
Project("{6EC3EE1D-3C4E-46DD-8F32-0CC8E7565705}") = "Sylvester.Tests.DataFrame.Fs", "..\tests\Sylvester.Tests.DataFrame.Fs\Sylvester.Tests.DataFrame.Fs.fsproj", "{CA2DD206-B08F-4B75-8AB3-A71D6B23B56C}"
EndProject
Project("{2150E333-8FDC-42A3-9474-1A3956D46DE8}") = "Fabrics", "Fabrics", "{52BFE1ED-2210-4EF0-A92F-192F2B912A0A}"
EndProject
Project("{2150E333-8FDC-42A3-9474-1A3956D46DE8}") = "FunConf10`9", "FunConf10`9", "{C3824CEB-7FD6-41FE-8A99-3EAF977FBD41}"
	ProjectSection(SolutionItems) = preProject
		..\examples\funconf2019\Goals.fsx = ..\examples\funconf2019\Goals.fsx
	EndProjectSection
EndProject
Project("{6EC3EE1D-3C4E-46DD-8F32-0CC8E7565705}") = "Sylvester.tf", "Fabrics\tf\Sylvester.tf\Sylvester.tf.fsproj", "{C56B18CA-F29C-40AD-A6A2-AF7A634E6160}"
EndProject
Project("{6EC3EE1D-3C4E-46DD-8F32-0CC8E7565705}") = "Sylvester.Tests.tf", "..\tests\Sylvester.Tests.tf\Sylvester.Tests.tf.fsproj", "{6BB86E54-D6DA-468C-AD53-EC32FAF1CC29}"
EndProject
Project("{2150E333-8FDC-42A3-9474-1A3956D46DE8}") = "tf", "tf", "{0C40457E-4586-422A-A161-3ADE8618354F}"
EndProject
Project("{9A19103F-16F7-4668-BE54-9A1E7A4F7556}") = "Sylvester.tf.Api", "Fabrics\tf\Sylvester.tf.Api\Sylvester.tf.Api.csproj", "{F8584C96-0DE5-4291-B103-BA1AB25662AA}"
EndProject
Project("{9A19103F-16F7-4668-BE54-9A1E7A4F7556}") = "Sylvester.tf.Native.Win", "Fabrics\tf\Sylvester.tf.Native.Win\Sylvester.tf.Native.Win.csproj", "{CD33D86F-14F6-4EA1-BA88-74AD34332E5B}"
EndProject
Project("{2150E333-8FDC-42A3-9474-1A3956D46DE8}") = "plaidml", "plaidml", "{7C6BDF1F-FC47-4C92-AE2E-5F76D51339E3}"
EndProject
Project("{9A19103F-16F7-4668-BE54-9A1E7A4F7556}") = "Sylvester.tf.OpGen", "Fabrics\tf\Sylvester.tf.OpGen\Sylvester.tf.OpGen.csproj", "{2BF11B0E-5F8F-474E-9C6B-A7373302C335}"
EndProject
Project("{6EC3EE1D-3C4E-46DD-8F32-0CC8E7565705}") = "Sylvester.Tests.Collections", "..\tests\Sylvester.Tests.Collections\Sylvester.Tests.Collections.fsproj", "{E8DE4694-6ED5-4D5C-81B0-6A23EF218A62}"
EndProject
Project("{2150E333-8FDC-42A3-9474-1A3956D46DE8}") = "Lang", "Lang", "{E0E37582-2ECB-4B62-9ACA-B797A22A6704}"
EndProject
Project("{6EC3EE1D-3C4E-46DD-8F32-0CC8E7565705}") = "Sylvester.Graphs", "Lang\Sylvester.Graphs\Sylvester.Graphs.fsproj", "{5C29F222-2136-4A15-ABCA-C437A8C98D3F}"
EndProject
Project("{9A19103F-16F7-4668-BE54-9A1E7A4F7556}") = "Sylvester.Api", "Base\Sylvester.Api\Sylvester.Api.csproj", "{D0C30E85-E9D4-4A3D-9C67-EC4EBE79785D}"
EndProject
Project("{F2A71F9B-5D33-465A-A702-920D77279786}") = "Sylvester.Api.Fs", "Base\Sylvester.Api.Fs\Sylvester.Api.Fs.fsproj", "{8118104F-4D62-487B-AC55-699490291BB5}"
EndProject
Global
	GlobalSection(SolutionConfigurationPlatforms) = preSolution
		Debug|Any CPU = Debug|Any CPU
		Debug|x64 = Debug|x64
		Debug|x86 = Debug|x86
		Release|Any CPU = Release|Any CPU
		Release|x64 = Release|x64
		Release|x86 = Release|x86
	EndGlobalSection
	GlobalSection(ProjectConfigurationPlatforms) = postSolution
		{4E51BA61-D5BF-48AD-9320-0D75863159A6}.Debug|Any CPU.ActiveCfg = Debug|Any CPU
		{4E51BA61-D5BF-48AD-9320-0D75863159A6}.Debug|Any CPU.Build.0 = Debug|Any CPU
		{4E51BA61-D5BF-48AD-9320-0D75863159A6}.Debug|x64.ActiveCfg = Debug|Any CPU
		{4E51BA61-D5BF-48AD-9320-0D75863159A6}.Debug|x64.Build.0 = Debug|Any CPU
		{4E51BA61-D5BF-48AD-9320-0D75863159A6}.Debug|x86.ActiveCfg = Debug|Any CPU
		{4E51BA61-D5BF-48AD-9320-0D75863159A6}.Debug|x86.Build.0 = Debug|Any CPU
		{4E51BA61-D5BF-48AD-9320-0D75863159A6}.Release|Any CPU.ActiveCfg = Release|Any CPU
		{4E51BA61-D5BF-48AD-9320-0D75863159A6}.Release|Any CPU.Build.0 = Release|Any CPU
		{4E51BA61-D5BF-48AD-9320-0D75863159A6}.Release|x64.ActiveCfg = Release|Any CPU
		{4E51BA61-D5BF-48AD-9320-0D75863159A6}.Release|x64.Build.0 = Release|Any CPU
		{4E51BA61-D5BF-48AD-9320-0D75863159A6}.Release|x86.ActiveCfg = Release|Any CPU
		{4E51BA61-D5BF-48AD-9320-0D75863159A6}.Release|x86.Build.0 = Release|Any CPU
		{3EAA0046-8055-4FE6-B095-D0AE8D439392}.Debug|Any CPU.ActiveCfg = Debug|Any CPU
		{3EAA0046-8055-4FE6-B095-D0AE8D439392}.Debug|Any CPU.Build.0 = Debug|Any CPU
		{3EAA0046-8055-4FE6-B095-D0AE8D439392}.Debug|x64.ActiveCfg = Debug|Any CPU
		{3EAA0046-8055-4FE6-B095-D0AE8D439392}.Debug|x64.Build.0 = Debug|Any CPU
		{3EAA0046-8055-4FE6-B095-D0AE8D439392}.Debug|x86.ActiveCfg = Debug|Any CPU
		{3EAA0046-8055-4FE6-B095-D0AE8D439392}.Debug|x86.Build.0 = Debug|Any CPU
		{3EAA0046-8055-4FE6-B095-D0AE8D439392}.Release|Any CPU.ActiveCfg = Release|Any CPU
		{3EAA0046-8055-4FE6-B095-D0AE8D439392}.Release|Any CPU.Build.0 = Release|Any CPU
		{3EAA0046-8055-4FE6-B095-D0AE8D439392}.Release|x64.ActiveCfg = Release|Any CPU
		{3EAA0046-8055-4FE6-B095-D0AE8D439392}.Release|x64.Build.0 = Release|Any CPU
		{3EAA0046-8055-4FE6-B095-D0AE8D439392}.Release|x86.ActiveCfg = Release|Any CPU
		{3EAA0046-8055-4FE6-B095-D0AE8D439392}.Release|x86.Build.0 = Release|Any CPU
		{3FE81F5C-8518-488E-93A5-98E64974F1A0}.Debug|Any CPU.ActiveCfg = Debug|x64
		{3FE81F5C-8518-488E-93A5-98E64974F1A0}.Debug|Any CPU.Build.0 = Debug|x64
		{3FE81F5C-8518-488E-93A5-98E64974F1A0}.Debug|x64.ActiveCfg = Debug|x64
		{3FE81F5C-8518-488E-93A5-98E64974F1A0}.Debug|x64.Build.0 = Debug|x64
		{3FE81F5C-8518-488E-93A5-98E64974F1A0}.Debug|x86.ActiveCfg = Debug|Any CPU
		{3FE81F5C-8518-488E-93A5-98E64974F1A0}.Debug|x86.Build.0 = Debug|Any CPU
		{3FE81F5C-8518-488E-93A5-98E64974F1A0}.Release|Any CPU.ActiveCfg = Release|Any CPU
		{3FE81F5C-8518-488E-93A5-98E64974F1A0}.Release|Any CPU.Build.0 = Release|Any CPU
		{3FE81F5C-8518-488E-93A5-98E64974F1A0}.Release|x64.ActiveCfg = Release|x64
		{3FE81F5C-8518-488E-93A5-98E64974F1A0}.Release|x64.Build.0 = Release|x64
		{3FE81F5C-8518-488E-93A5-98E64974F1A0}.Release|x86.ActiveCfg = Release|Any CPU
		{3FE81F5C-8518-488E-93A5-98E64974F1A0}.Release|x86.Build.0 = Release|Any CPU
		{AC1D3D9E-F4CE-4963-9D27-0C210AE99A8A}.Debug|Any CPU.ActiveCfg = Debug|Any CPU
		{AC1D3D9E-F4CE-4963-9D27-0C210AE99A8A}.Debug|Any CPU.Build.0 = Debug|Any CPU
		{AC1D3D9E-F4CE-4963-9D27-0C210AE99A8A}.Debug|x64.ActiveCfg = Debug|Any CPU
		{AC1D3D9E-F4CE-4963-9D27-0C210AE99A8A}.Debug|x64.Build.0 = Debug|Any CPU
		{AC1D3D9E-F4CE-4963-9D27-0C210AE99A8A}.Debug|x86.ActiveCfg = Debug|x86
		{AC1D3D9E-F4CE-4963-9D27-0C210AE99A8A}.Debug|x86.Build.0 = Debug|x86
		{AC1D3D9E-F4CE-4963-9D27-0C210AE99A8A}.Release|Any CPU.ActiveCfg = Release|Any CPU
		{AC1D3D9E-F4CE-4963-9D27-0C210AE99A8A}.Release|Any CPU.Build.0 = Release|Any CPU
		{AC1D3D9E-F4CE-4963-9D27-0C210AE99A8A}.Release|x64.ActiveCfg = Release|x64
		{AC1D3D9E-F4CE-4963-9D27-0C210AE99A8A}.Release|x64.Build.0 = Release|x64
		{AC1D3D9E-F4CE-4963-9D27-0C210AE99A8A}.Release|x86.ActiveCfg = Release|x86
		{AC1D3D9E-F4CE-4963-9D27-0C210AE99A8A}.Release|x86.Build.0 = Release|x86
		{A15214CE-5DE5-454C-8F7B-1B645C871E84}.Debug|Any CPU.ActiveCfg = Debug|Any CPU
		{A15214CE-5DE5-454C-8F7B-1B645C871E84}.Debug|Any CPU.Build.0 = Debug|Any CPU
		{A15214CE-5DE5-454C-8F7B-1B645C871E84}.Debug|x64.ActiveCfg = Debug|Any CPU
		{A15214CE-5DE5-454C-8F7B-1B645C871E84}.Debug|x64.Build.0 = Debug|Any CPU
		{A15214CE-5DE5-454C-8F7B-1B645C871E84}.Debug|x86.ActiveCfg = Debug|Any CPU
		{A15214CE-5DE5-454C-8F7B-1B645C871E84}.Debug|x86.Build.0 = Debug|Any CPU
		{A15214CE-5DE5-454C-8F7B-1B645C871E84}.Release|Any CPU.ActiveCfg = Release|Any CPU
		{A15214CE-5DE5-454C-8F7B-1B645C871E84}.Release|Any CPU.Build.0 = Release|Any CPU
		{A15214CE-5DE5-454C-8F7B-1B645C871E84}.Release|x64.ActiveCfg = Release|Any CPU
		{A15214CE-5DE5-454C-8F7B-1B645C871E84}.Release|x64.Build.0 = Release|Any CPU
		{A15214CE-5DE5-454C-8F7B-1B645C871E84}.Release|x86.ActiveCfg = Release|Any CPU
		{A15214CE-5DE5-454C-8F7B-1B645C871E84}.Release|x86.Build.0 = Release|Any CPU
		{7210C64B-76A0-4937-AF89-C10970777E5A}.Debug|Any CPU.ActiveCfg = Debug|x64
		{7210C64B-76A0-4937-AF89-C10970777E5A}.Debug|Any CPU.Build.0 = Debug|x64
		{7210C64B-76A0-4937-AF89-C10970777E5A}.Debug|x64.ActiveCfg = Debug|x64
		{7210C64B-76A0-4937-AF89-C10970777E5A}.Debug|x64.Build.0 = Debug|x64
		{7210C64B-76A0-4937-AF89-C10970777E5A}.Debug|x86.ActiveCfg = Debug|Any CPU
		{7210C64B-76A0-4937-AF89-C10970777E5A}.Debug|x86.Build.0 = Debug|Any CPU
		{7210C64B-76A0-4937-AF89-C10970777E5A}.Release|Any CPU.ActiveCfg = Release|Any CPU
		{7210C64B-76A0-4937-AF89-C10970777E5A}.Release|Any CPU.Build.0 = Release|Any CPU
		{7210C64B-76A0-4937-AF89-C10970777E5A}.Release|x64.ActiveCfg = Release|Any CPU
		{7210C64B-76A0-4937-AF89-C10970777E5A}.Release|x64.Build.0 = Release|Any CPU
		{7210C64B-76A0-4937-AF89-C10970777E5A}.Release|x86.ActiveCfg = Release|Any CPU
		{7210C64B-76A0-4937-AF89-C10970777E5A}.Release|x86.Build.0 = Release|Any CPU
		{D69ECDC9-6EAA-4A40-B27E-E3E7FA1B4F76}.Debug|Any CPU.ActiveCfg = Debug|Any CPU
		{D69ECDC9-6EAA-4A40-B27E-E3E7FA1B4F76}.Debug|Any CPU.Build.0 = Debug|Any CPU
		{D69ECDC9-6EAA-4A40-B27E-E3E7FA1B4F76}.Debug|x64.ActiveCfg = Debug|Any CPU
		{D69ECDC9-6EAA-4A40-B27E-E3E7FA1B4F76}.Debug|x64.Build.0 = Debug|Any CPU
		{D69ECDC9-6EAA-4A40-B27E-E3E7FA1B4F76}.Debug|x86.ActiveCfg = Debug|Any CPU
		{D69ECDC9-6EAA-4A40-B27E-E3E7FA1B4F76}.Debug|x86.Build.0 = Debug|Any CPU
		{D69ECDC9-6EAA-4A40-B27E-E3E7FA1B4F76}.Release|Any CPU.ActiveCfg = Release|Any CPU
		{D69ECDC9-6EAA-4A40-B27E-E3E7FA1B4F76}.Release|Any CPU.Build.0 = Release|Any CPU
		{D69ECDC9-6EAA-4A40-B27E-E3E7FA1B4F76}.Release|x64.ActiveCfg = Release|Any CPU
		{D69ECDC9-6EAA-4A40-B27E-E3E7FA1B4F76}.Release|x64.Build.0 = Release|Any CPU
		{D69ECDC9-6EAA-4A40-B27E-E3E7FA1B4F76}.Release|x86.ActiveCfg = Release|Any CPU
		{D69ECDC9-6EAA-4A40-B27E-E3E7FA1B4F76}.Release|x86.Build.0 = Release|Any CPU
		{F5E850DF-69BE-4A1E-8E7B-144A144DF025}.Debug|Any CPU.ActiveCfg = Debug|Any CPU
		{F5E850DF-69BE-4A1E-8E7B-144A144DF025}.Debug|Any CPU.Build.0 = Debug|Any CPU
		{F5E850DF-69BE-4A1E-8E7B-144A144DF025}.Debug|x64.ActiveCfg = Debug|Any CPU
		{F5E850DF-69BE-4A1E-8E7B-144A144DF025}.Debug|x64.Build.0 = Debug|Any CPU
		{F5E850DF-69BE-4A1E-8E7B-144A144DF025}.Debug|x86.ActiveCfg = Debug|Any CPU
		{F5E850DF-69BE-4A1E-8E7B-144A144DF025}.Debug|x86.Build.0 = Debug|Any CPU
		{F5E850DF-69BE-4A1E-8E7B-144A144DF025}.Release|Any CPU.ActiveCfg = Release|Any CPU
		{F5E850DF-69BE-4A1E-8E7B-144A144DF025}.Release|Any CPU.Build.0 = Release|Any CPU
		{F5E850DF-69BE-4A1E-8E7B-144A144DF025}.Release|x64.ActiveCfg = Release|Any CPU
		{F5E850DF-69BE-4A1E-8E7B-144A144DF025}.Release|x64.Build.0 = Release|Any CPU
		{F5E850DF-69BE-4A1E-8E7B-144A144DF025}.Release|x86.ActiveCfg = Release|Any CPU
		{F5E850DF-69BE-4A1E-8E7B-144A144DF025}.Release|x86.Build.0 = Release|Any CPU
		{3D80092E-A53A-4DAD-8270-01141ABE42D4}.Debug|Any CPU.ActiveCfg = Debug|Any CPU
		{3D80092E-A53A-4DAD-8270-01141ABE42D4}.Debug|Any CPU.Build.0 = Debug|Any CPU
		{3D80092E-A53A-4DAD-8270-01141ABE42D4}.Debug|x64.ActiveCfg = Debug|Any CPU
		{3D80092E-A53A-4DAD-8270-01141ABE42D4}.Debug|x64.Build.0 = Debug|Any CPU
		{3D80092E-A53A-4DAD-8270-01141ABE42D4}.Debug|x86.ActiveCfg = Debug|Any CPU
		{3D80092E-A53A-4DAD-8270-01141ABE42D4}.Debug|x86.Build.0 = Debug|Any CPU
		{3D80092E-A53A-4DAD-8270-01141ABE42D4}.Release|Any CPU.ActiveCfg = Release|Any CPU
		{3D80092E-A53A-4DAD-8270-01141ABE42D4}.Release|Any CPU.Build.0 = Release|Any CPU
		{3D80092E-A53A-4DAD-8270-01141ABE42D4}.Release|x64.ActiveCfg = Release|Any CPU
		{3D80092E-A53A-4DAD-8270-01141ABE42D4}.Release|x64.Build.0 = Release|Any CPU
		{3D80092E-A53A-4DAD-8270-01141ABE42D4}.Release|x86.ActiveCfg = Release|Any CPU
		{3D80092E-A53A-4DAD-8270-01141ABE42D4}.Release|x86.Build.0 = Release|Any CPU
		{ADEE25E0-F96A-4B45-88AE-A0A6AA9B7684}.Debug|Any CPU.ActiveCfg = Debug|x64
		{ADEE25E0-F96A-4B45-88AE-A0A6AA9B7684}.Debug|Any CPU.Build.0 = Debug|x64
		{ADEE25E0-F96A-4B45-88AE-A0A6AA9B7684}.Debug|x64.ActiveCfg = Debug|Any CPU
		{ADEE25E0-F96A-4B45-88AE-A0A6AA9B7684}.Debug|x64.Build.0 = Debug|Any CPU
		{ADEE25E0-F96A-4B45-88AE-A0A6AA9B7684}.Debug|x86.ActiveCfg = Debug|Any CPU
		{ADEE25E0-F96A-4B45-88AE-A0A6AA9B7684}.Debug|x86.Build.0 = Debug|Any CPU
		{ADEE25E0-F96A-4B45-88AE-A0A6AA9B7684}.Release|Any CPU.ActiveCfg = Release|Any CPU
		{ADEE25E0-F96A-4B45-88AE-A0A6AA9B7684}.Release|Any CPU.Build.0 = Release|Any CPU
		{ADEE25E0-F96A-4B45-88AE-A0A6AA9B7684}.Release|x64.ActiveCfg = Release|Any CPU
		{ADEE25E0-F96A-4B45-88AE-A0A6AA9B7684}.Release|x64.Build.0 = Release|Any CPU
		{ADEE25E0-F96A-4B45-88AE-A0A6AA9B7684}.Release|x86.ActiveCfg = Release|Any CPU
		{ADEE25E0-F96A-4B45-88AE-A0A6AA9B7684}.Release|x86.Build.0 = Release|Any CPU
		{CD05CADB-D3FC-401D-AFD4-61ED28AE7239}.Debug|Any CPU.ActiveCfg = Debug|Any CPU
		{CD05CADB-D3FC-401D-AFD4-61ED28AE7239}.Debug|Any CPU.Build.0 = Debug|Any CPU
		{CD05CADB-D3FC-401D-AFD4-61ED28AE7239}.Debug|x64.ActiveCfg = Debug|Any CPU
		{CD05CADB-D3FC-401D-AFD4-61ED28AE7239}.Debug|x64.Build.0 = Debug|Any CPU
		{CD05CADB-D3FC-401D-AFD4-61ED28AE7239}.Debug|x86.ActiveCfg = Debug|Any CPU
		{CD05CADB-D3FC-401D-AFD4-61ED28AE7239}.Debug|x86.Build.0 = Debug|Any CPU
		{CD05CADB-D3FC-401D-AFD4-61ED28AE7239}.Release|Any CPU.ActiveCfg = Release|Any CPU
		{CD05CADB-D3FC-401D-AFD4-61ED28AE7239}.Release|Any CPU.Build.0 = Release|Any CPU
		{CD05CADB-D3FC-401D-AFD4-61ED28AE7239}.Release|x64.ActiveCfg = Release|Any CPU
		{CD05CADB-D3FC-401D-AFD4-61ED28AE7239}.Release|x64.Build.0 = Release|Any CPU
		{CD05CADB-D3FC-401D-AFD4-61ED28AE7239}.Release|x86.ActiveCfg = Release|Any CPU
		{CD05CADB-D3FC-401D-AFD4-61ED28AE7239}.Release|x86.Build.0 = Release|Any CPU
		{57AF23B0-3F74-4CCC-8CB2-77B606A1C023}.Debug|Any CPU.ActiveCfg = Debug|Any CPU
		{57AF23B0-3F74-4CCC-8CB2-77B606A1C023}.Debug|Any CPU.Build.0 = Debug|Any CPU
		{57AF23B0-3F74-4CCC-8CB2-77B606A1C023}.Debug|x64.ActiveCfg = Debug|Any CPU
		{57AF23B0-3F74-4CCC-8CB2-77B606A1C023}.Debug|x64.Build.0 = Debug|Any CPU
		{57AF23B0-3F74-4CCC-8CB2-77B606A1C023}.Debug|x86.ActiveCfg = Debug|Any CPU
		{57AF23B0-3F74-4CCC-8CB2-77B606A1C023}.Debug|x86.Build.0 = Debug|Any CPU
		{57AF23B0-3F74-4CCC-8CB2-77B606A1C023}.Release|Any CPU.ActiveCfg = Release|Any CPU
		{57AF23B0-3F74-4CCC-8CB2-77B606A1C023}.Release|Any CPU.Build.0 = Release|Any CPU
		{57AF23B0-3F74-4CCC-8CB2-77B606A1C023}.Release|x64.ActiveCfg = Release|Any CPU
		{57AF23B0-3F74-4CCC-8CB2-77B606A1C023}.Release|x64.Build.0 = Release|Any CPU
		{57AF23B0-3F74-4CCC-8CB2-77B606A1C023}.Release|x86.ActiveCfg = Release|Any CPU
		{57AF23B0-3F74-4CCC-8CB2-77B606A1C023}.Release|x86.Build.0 = Release|Any CPU
		{66CFEC59-94A2-4FBE-9EE5-B75E36BC85AF}.Debug|Any CPU.ActiveCfg = Debug|Any CPU
		{66CFEC59-94A2-4FBE-9EE5-B75E36BC85AF}.Debug|Any CPU.Build.0 = Debug|Any CPU
		{66CFEC59-94A2-4FBE-9EE5-B75E36BC85AF}.Debug|x64.ActiveCfg = Debug|Any CPU
		{66CFEC59-94A2-4FBE-9EE5-B75E36BC85AF}.Debug|x64.Build.0 = Debug|Any CPU
		{66CFEC59-94A2-4FBE-9EE5-B75E36BC85AF}.Debug|x86.ActiveCfg = Debug|Any CPU
		{66CFEC59-94A2-4FBE-9EE5-B75E36BC85AF}.Debug|x86.Build.0 = Debug|Any CPU
		{66CFEC59-94A2-4FBE-9EE5-B75E36BC85AF}.Release|Any CPU.ActiveCfg = Release|Any CPU
		{66CFEC59-94A2-4FBE-9EE5-B75E36BC85AF}.Release|Any CPU.Build.0 = Release|Any CPU
		{66CFEC59-94A2-4FBE-9EE5-B75E36BC85AF}.Release|x64.ActiveCfg = Release|Any CPU
		{66CFEC59-94A2-4FBE-9EE5-B75E36BC85AF}.Release|x64.Build.0 = Release|Any CPU
		{66CFEC59-94A2-4FBE-9EE5-B75E36BC85AF}.Release|x86.ActiveCfg = Release|Any CPU
		{66CFEC59-94A2-4FBE-9EE5-B75E36BC85AF}.Release|x86.Build.0 = Release|Any CPU
		{FBE1D7CE-C021-4663-B82E-0DEA03196AD5}.Debug|Any CPU.ActiveCfg = Debug|Any CPU
		{FBE1D7CE-C021-4663-B82E-0DEA03196AD5}.Debug|Any CPU.Build.0 = Debug|Any CPU
		{FBE1D7CE-C021-4663-B82E-0DEA03196AD5}.Debug|x64.ActiveCfg = Debug|Any CPU
		{FBE1D7CE-C021-4663-B82E-0DEA03196AD5}.Debug|x64.Build.0 = Debug|Any CPU
		{FBE1D7CE-C021-4663-B82E-0DEA03196AD5}.Debug|x86.ActiveCfg = Debug|Any CPU
		{FBE1D7CE-C021-4663-B82E-0DEA03196AD5}.Debug|x86.Build.0 = Debug|Any CPU
		{FBE1D7CE-C021-4663-B82E-0DEA03196AD5}.Release|Any CPU.ActiveCfg = Release|Any CPU
		{FBE1D7CE-C021-4663-B82E-0DEA03196AD5}.Release|Any CPU.Build.0 = Release|Any CPU
		{FBE1D7CE-C021-4663-B82E-0DEA03196AD5}.Release|x64.ActiveCfg = Release|Any CPU
		{FBE1D7CE-C021-4663-B82E-0DEA03196AD5}.Release|x64.Build.0 = Release|Any CPU
		{FBE1D7CE-C021-4663-B82E-0DEA03196AD5}.Release|x86.ActiveCfg = Release|Any CPU
		{FBE1D7CE-C021-4663-B82E-0DEA03196AD5}.Release|x86.Build.0 = Release|Any CPU
		{CA2DD206-B08F-4B75-8AB3-A71D6B23B56C}.Debug|Any CPU.ActiveCfg = Debug|Any CPU
		{CA2DD206-B08F-4B75-8AB3-A71D6B23B56C}.Debug|Any CPU.Build.0 = Debug|Any CPU
		{CA2DD206-B08F-4B75-8AB3-A71D6B23B56C}.Debug|x64.ActiveCfg = Debug|Any CPU
		{CA2DD206-B08F-4B75-8AB3-A71D6B23B56C}.Debug|x64.Build.0 = Debug|Any CPU
		{CA2DD206-B08F-4B75-8AB3-A71D6B23B56C}.Debug|x86.ActiveCfg = Debug|Any CPU
		{CA2DD206-B08F-4B75-8AB3-A71D6B23B56C}.Debug|x86.Build.0 = Debug|Any CPU
		{CA2DD206-B08F-4B75-8AB3-A71D6B23B56C}.Release|Any CPU.ActiveCfg = Release|Any CPU
		{CA2DD206-B08F-4B75-8AB3-A71D6B23B56C}.Release|Any CPU.Build.0 = Release|Any CPU
		{CA2DD206-B08F-4B75-8AB3-A71D6B23B56C}.Release|x64.ActiveCfg = Release|Any CPU
		{CA2DD206-B08F-4B75-8AB3-A71D6B23B56C}.Release|x64.Build.0 = Release|Any CPU
		{CA2DD206-B08F-4B75-8AB3-A71D6B23B56C}.Release|x86.ActiveCfg = Release|Any CPU
		{CA2DD206-B08F-4B75-8AB3-A71D6B23B56C}.Release|x86.Build.0 = Release|Any CPU
		{C56B18CA-F29C-40AD-A6A2-AF7A634E6160}.Debug|Any CPU.ActiveCfg = Debug|x64
		{C56B18CA-F29C-40AD-A6A2-AF7A634E6160}.Debug|Any CPU.Build.0 = Debug|x64
		{C56B18CA-F29C-40AD-A6A2-AF7A634E6160}.Debug|x64.ActiveCfg = Debug|Any CPU
		{C56B18CA-F29C-40AD-A6A2-AF7A634E6160}.Debug|x64.Build.0 = Debug|Any CPU
		{C56B18CA-F29C-40AD-A6A2-AF7A634E6160}.Debug|x86.ActiveCfg = Debug|Any CPU
		{C56B18CA-F29C-40AD-A6A2-AF7A634E6160}.Debug|x86.Build.0 = Debug|Any CPU
		{C56B18CA-F29C-40AD-A6A2-AF7A634E6160}.Release|Any CPU.ActiveCfg = Release|Any CPU
		{C56B18CA-F29C-40AD-A6A2-AF7A634E6160}.Release|Any CPU.Build.0 = Release|Any CPU
		{C56B18CA-F29C-40AD-A6A2-AF7A634E6160}.Release|x64.ActiveCfg = Release|Any CPU
		{C56B18CA-F29C-40AD-A6A2-AF7A634E6160}.Release|x64.Build.0 = Release|Any CPU
		{C56B18CA-F29C-40AD-A6A2-AF7A634E6160}.Release|x86.ActiveCfg = Release|Any CPU
		{C56B18CA-F29C-40AD-A6A2-AF7A634E6160}.Release|x86.Build.0 = Release|Any CPU
		{6BB86E54-D6DA-468C-AD53-EC32FAF1CC29}.Debug|Any CPU.ActiveCfg = Debug|x64
		{6BB86E54-D6DA-468C-AD53-EC32FAF1CC29}.Debug|Any CPU.Build.0 = Debug|x64
		{6BB86E54-D6DA-468C-AD53-EC32FAF1CC29}.Debug|x64.ActiveCfg = Debug|Any CPU
		{6BB86E54-D6DA-468C-AD53-EC32FAF1CC29}.Debug|x64.Build.0 = Debug|Any CPU
		{6BB86E54-D6DA-468C-AD53-EC32FAF1CC29}.Debug|x86.ActiveCfg = Debug|Any CPU
		{6BB86E54-D6DA-468C-AD53-EC32FAF1CC29}.Debug|x86.Build.0 = Debug|Any CPU
		{6BB86E54-D6DA-468C-AD53-EC32FAF1CC29}.Release|Any CPU.ActiveCfg = Release|Any CPU
		{6BB86E54-D6DA-468C-AD53-EC32FAF1CC29}.Release|Any CPU.Build.0 = Release|Any CPU
		{6BB86E54-D6DA-468C-AD53-EC32FAF1CC29}.Release|x64.ActiveCfg = Release|Any CPU
		{6BB86E54-D6DA-468C-AD53-EC32FAF1CC29}.Release|x64.Build.0 = Release|Any CPU
		{6BB86E54-D6DA-468C-AD53-EC32FAF1CC29}.Release|x86.ActiveCfg = Release|Any CPU
		{6BB86E54-D6DA-468C-AD53-EC32FAF1CC29}.Release|x86.Build.0 = Release|Any CPU
		{F8584C96-0DE5-4291-B103-BA1AB25662AA}.Debug|Any CPU.ActiveCfg = Debug|x64
		{F8584C96-0DE5-4291-B103-BA1AB25662AA}.Debug|Any CPU.Build.0 = Debug|x64
		{F8584C96-0DE5-4291-B103-BA1AB25662AA}.Debug|x64.ActiveCfg = Debug|Any CPU
		{F8584C96-0DE5-4291-B103-BA1AB25662AA}.Debug|x64.Build.0 = Debug|Any CPU
		{F8584C96-0DE5-4291-B103-BA1AB25662AA}.Debug|x86.ActiveCfg = Debug|Any CPU
		{F8584C96-0DE5-4291-B103-BA1AB25662AA}.Debug|x86.Build.0 = Debug|Any CPU
		{F8584C96-0DE5-4291-B103-BA1AB25662AA}.Release|Any CPU.ActiveCfg = Release|Any CPU
		{F8584C96-0DE5-4291-B103-BA1AB25662AA}.Release|Any CPU.Build.0 = Release|Any CPU
		{F8584C96-0DE5-4291-B103-BA1AB25662AA}.Release|x64.ActiveCfg = Release|Any CPU
		{F8584C96-0DE5-4291-B103-BA1AB25662AA}.Release|x64.Build.0 = Release|Any CPU
		{F8584C96-0DE5-4291-B103-BA1AB25662AA}.Release|x86.ActiveCfg = Release|Any CPU
		{F8584C96-0DE5-4291-B103-BA1AB25662AA}.Release|x86.Build.0 = Release|Any CPU
		{CD33D86F-14F6-4EA1-BA88-74AD34332E5B}.Debug|Any CPU.ActiveCfg = Debug|x64
		{CD33D86F-14F6-4EA1-BA88-74AD34332E5B}.Debug|Any CPU.Build.0 = Debug|x64
		{CD33D86F-14F6-4EA1-BA88-74AD34332E5B}.Debug|x64.ActiveCfg = Debug|Any CPU
		{CD33D86F-14F6-4EA1-BA88-74AD34332E5B}.Debug|x64.Build.0 = Debug|Any CPU
		{CD33D86F-14F6-4EA1-BA88-74AD34332E5B}.Debug|x86.ActiveCfg = Debug|Any CPU
		{CD33D86F-14F6-4EA1-BA88-74AD34332E5B}.Debug|x86.Build.0 = Debug|Any CPU
		{CD33D86F-14F6-4EA1-BA88-74AD34332E5B}.Release|Any CPU.ActiveCfg = Release|Any CPU
		{CD33D86F-14F6-4EA1-BA88-74AD34332E5B}.Release|Any CPU.Build.0 = Release|Any CPU
		{CD33D86F-14F6-4EA1-BA88-74AD34332E5B}.Release|x64.ActiveCfg = Release|Any CPU
		{CD33D86F-14F6-4EA1-BA88-74AD34332E5B}.Release|x64.Build.0 = Release|Any CPU
		{CD33D86F-14F6-4EA1-BA88-74AD34332E5B}.Release|x86.ActiveCfg = Release|Any CPU
		{CD33D86F-14F6-4EA1-BA88-74AD34332E5B}.Release|x86.Build.0 = Release|Any CPU
		{2BF11B0E-5F8F-474E-9C6B-A7373302C335}.Debug|Any CPU.ActiveCfg = Debug|x64
		{2BF11B0E-5F8F-474E-9C6B-A7373302C335}.Debug|Any CPU.Build.0 = Debug|x64
		{2BF11B0E-5F8F-474E-9C6B-A7373302C335}.Debug|x64.ActiveCfg = Debug|Any CPU
		{2BF11B0E-5F8F-474E-9C6B-A7373302C335}.Debug|x64.Build.0 = Debug|Any CPU
		{2BF11B0E-5F8F-474E-9C6B-A7373302C335}.Debug|x86.ActiveCfg = Debug|Any CPU
		{2BF11B0E-5F8F-474E-9C6B-A7373302C335}.Debug|x86.Build.0 = Debug|Any CPU
		{2BF11B0E-5F8F-474E-9C6B-A7373302C335}.Release|Any CPU.ActiveCfg = Release|Any CPU
		{2BF11B0E-5F8F-474E-9C6B-A7373302C335}.Release|Any CPU.Build.0 = Release|Any CPU
		{2BF11B0E-5F8F-474E-9C6B-A7373302C335}.Release|x64.ActiveCfg = Release|Any CPU
		{2BF11B0E-5F8F-474E-9C6B-A7373302C335}.Release|x64.Build.0 = Release|Any CPU
		{2BF11B0E-5F8F-474E-9C6B-A7373302C335}.Release|x86.ActiveCfg = Release|Any CPU
		{2BF11B0E-5F8F-474E-9C6B-A7373302C335}.Release|x86.Build.0 = Release|Any CPU
		{E8DE4694-6ED5-4D5C-81B0-6A23EF218A62}.Debug|Any CPU.ActiveCfg = Debug|Any CPU
		{E8DE4694-6ED5-4D5C-81B0-6A23EF218A62}.Debug|Any CPU.Build.0 = Debug|Any CPU
		{E8DE4694-6ED5-4D5C-81B0-6A23EF218A62}.Debug|x64.ActiveCfg = Debug|Any CPU
		{E8DE4694-6ED5-4D5C-81B0-6A23EF218A62}.Debug|x64.Build.0 = Debug|Any CPU
		{E8DE4694-6ED5-4D5C-81B0-6A23EF218A62}.Debug|x86.ActiveCfg = Debug|Any CPU
		{E8DE4694-6ED5-4D5C-81B0-6A23EF218A62}.Debug|x86.Build.0 = Debug|Any CPU
		{E8DE4694-6ED5-4D5C-81B0-6A23EF218A62}.Release|Any CPU.ActiveCfg = Release|Any CPU
		{E8DE4694-6ED5-4D5C-81B0-6A23EF218A62}.Release|Any CPU.Build.0 = Release|Any CPU
		{E8DE4694-6ED5-4D5C-81B0-6A23EF218A62}.Release|x64.ActiveCfg = Release|Any CPU
		{E8DE4694-6ED5-4D5C-81B0-6A23EF218A62}.Release|x64.Build.0 = Release|Any CPU
		{E8DE4694-6ED5-4D5C-81B0-6A23EF218A62}.Release|x86.ActiveCfg = Release|Any CPU
		{E8DE4694-6ED5-4D5C-81B0-6A23EF218A62}.Release|x86.Build.0 = Release|Any CPU
		{5C29F222-2136-4A15-ABCA-C437A8C98D3F}.Debug|Any CPU.ActiveCfg = Debug|Any CPU
		{5C29F222-2136-4A15-ABCA-C437A8C98D3F}.Debug|Any CPU.Build.0 = Debug|Any CPU
		{5C29F222-2136-4A15-ABCA-C437A8C98D3F}.Debug|x64.ActiveCfg = Debug|Any CPU
		{5C29F222-2136-4A15-ABCA-C437A8C98D3F}.Debug|x64.Build.0 = Debug|Any CPU
		{5C29F222-2136-4A15-ABCA-C437A8C98D3F}.Debug|x86.ActiveCfg = Debug|Any CPU
		{5C29F222-2136-4A15-ABCA-C437A8C98D3F}.Debug|x86.Build.0 = Debug|Any CPU
		{5C29F222-2136-4A15-ABCA-C437A8C98D3F}.Release|Any CPU.ActiveCfg = Release|Any CPU
		{5C29F222-2136-4A15-ABCA-C437A8C98D3F}.Release|Any CPU.Build.0 = Release|Any CPU
		{5C29F222-2136-4A15-ABCA-C437A8C98D3F}.Release|x64.ActiveCfg = Release|Any CPU
		{5C29F222-2136-4A15-ABCA-C437A8C98D3F}.Release|x64.Build.0 = Release|Any CPU
		{5C29F222-2136-4A15-ABCA-C437A8C98D3F}.Release|x86.ActiveCfg = Release|Any CPU
		{5C29F222-2136-4A15-ABCA-C437A8C98D3F}.Release|x86.Build.0 = Release|Any CPU
		{D0C30E85-E9D4-4A3D-9C67-EC4EBE79785D}.Debug|Any CPU.ActiveCfg = Debug|Any CPU
		{D0C30E85-E9D4-4A3D-9C67-EC4EBE79785D}.Debug|Any CPU.Build.0 = Debug|Any CPU
		{D0C30E85-E9D4-4A3D-9C67-EC4EBE79785D}.Debug|x64.ActiveCfg = Debug|Any CPU
		{D0C30E85-E9D4-4A3D-9C67-EC4EBE79785D}.Debug|x64.Build.0 = Debug|Any CPU
		{D0C30E85-E9D4-4A3D-9C67-EC4EBE79785D}.Debug|x86.ActiveCfg = Debug|Any CPU
		{D0C30E85-E9D4-4A3D-9C67-EC4EBE79785D}.Debug|x86.Build.0 = Debug|Any CPU
		{D0C30E85-E9D4-4A3D-9C67-EC4EBE79785D}.Release|Any CPU.ActiveCfg = Release|Any CPU
		{D0C30E85-E9D4-4A3D-9C67-EC4EBE79785D}.Release|Any CPU.Build.0 = Release|Any CPU
		{D0C30E85-E9D4-4A3D-9C67-EC4EBE79785D}.Release|x64.ActiveCfg = Release|Any CPU
		{D0C30E85-E9D4-4A3D-9C67-EC4EBE79785D}.Release|x64.Build.0 = Release|Any CPU
		{D0C30E85-E9D4-4A3D-9C67-EC4EBE79785D}.Release|x86.ActiveCfg = Release|Any CPU
		{D0C30E85-E9D4-4A3D-9C67-EC4EBE79785D}.Release|x86.Build.0 = Release|Any CPU
		{8118104F-4D62-487B-AC55-699490291BB5}.Debug|Any CPU.ActiveCfg = Debug|Any CPU
		{8118104F-4D62-487B-AC55-699490291BB5}.Debug|Any CPU.Build.0 = Debug|Any CPU
		{8118104F-4D62-487B-AC55-699490291BB5}.Debug|x64.ActiveCfg = Debug|Any CPU
		{8118104F-4D62-487B-AC55-699490291BB5}.Debug|x64.Build.0 = Debug|Any CPU
		{8118104F-4D62-487B-AC55-699490291BB5}.Debug|x86.ActiveCfg = Debug|Any CPU
		{8118104F-4D62-487B-AC55-699490291BB5}.Debug|x86.Build.0 = Debug|Any CPU
		{8118104F-4D62-487B-AC55-699490291BB5}.Release|Any CPU.ActiveCfg = Release|Any CPU
		{8118104F-4D62-487B-AC55-699490291BB5}.Release|Any CPU.Build.0 = Release|Any CPU
		{8118104F-4D62-487B-AC55-699490291BB5}.Release|x64.ActiveCfg = Release|Any CPU
		{8118104F-4D62-487B-AC55-699490291BB5}.Release|x64.Build.0 = Release|Any CPU
		{8118104F-4D62-487B-AC55-699490291BB5}.Release|x86.ActiveCfg = Release|Any CPU
		{8118104F-4D62-487B-AC55-699490291BB5}.Release|x86.Build.0 = Release|Any CPU
	EndGlobalSection
	GlobalSection(SolutionProperties) = preSolution
		HideSolutionNode = FALSE
	EndGlobalSection
	GlobalSection(NestedProjects) = preSolution
		{4E51BA61-D5BF-48AD-9320-0D75863159A6} = {6B594C72-1F63-42A3-87DB-CC18B5724753}
		{3EAA0046-8055-4FE6-B095-D0AE8D439392} = {7C6BDF1F-FC47-4C92-AE2E-5F76D51339E3}
		{3FE81F5C-8518-488E-93A5-98E64974F1A0} = {6B594C72-1F63-42A3-87DB-CC18B5724753}
		{AC1D3D9E-F4CE-4963-9D27-0C210AE99A8A} = {7C6BDF1F-FC47-4C92-AE2E-5F76D51339E3}
		{A15214CE-5DE5-454C-8F7B-1B645C871E84} = {578D2618-B994-4B73-9838-9E05E0132C26}
		{7210C64B-76A0-4937-AF89-C10970777E5A} = {E0E37582-2ECB-4B62-9ACA-B797A22A6704}
		{1BBCE66D-39C7-4576-8F60-1526BCD478A6} = {578D2618-B994-4B73-9838-9E05E0132C26}
		{D69ECDC9-6EAA-4A40-B27E-E3E7FA1B4F76} = {578D2618-B994-4B73-9838-9E05E0132C26}
		{F5E850DF-69BE-4A1E-8E7B-144A144DF025} = {6B594C72-1F63-42A3-87DB-CC18B5724753}
		{3D80092E-A53A-4DAD-8270-01141ABE42D4} = {09FAC507-B6C0-4A57-BBA5-7D5B4F180F6F}
		{ADEE25E0-F96A-4B45-88AE-A0A6AA9B7684} = {578D2618-B994-4B73-9838-9E05E0132C26}
		{DDD3DB6D-EA98-4D6E-AB29-6AABCFEA68D1} = {304EBF22-7BE1-4F6D-A444-5625BAAE5FDD}
		{5A137A1D-ED82-485C-9F2B-11937582C0DF} = {DDD3DB6D-EA98-4D6E-AB29-6AABCFEA68D1}
		{CD05CADB-D3FC-401D-AFD4-61ED28AE7239} = {1EF4A0C4-252E-480B-959D-4012B88356A4}
		{57AF23B0-3F74-4CCC-8CB2-77B606A1C023} = {578D2618-B994-4B73-9838-9E05E0132C26}
		{66CFEC59-94A2-4FBE-9EE5-B75E36BC85AF} = {6B594C72-1F63-42A3-87DB-CC18B5724753}
		{FBE1D7CE-C021-4663-B82E-0DEA03196AD5} = {578D2618-B994-4B73-9838-9E05E0132C26}
		{B94CF0C7-44C1-4BD2-96C8-34187762187D} = {578D2618-B994-4B73-9838-9E05E0132C26}
		{CA2DD206-B08F-4B75-8AB3-A71D6B23B56C} = {578D2618-B994-4B73-9838-9E05E0132C26}
		{C3824CEB-7FD6-41FE-8A99-3EAF977FBD41} = {304EBF22-7BE1-4F6D-A444-5625BAAE5FDD}
		{C56B18CA-F29C-40AD-A6A2-AF7A634E6160} = {0C40457E-4586-422A-A161-3ADE8618354F}
		{6BB86E54-D6DA-468C-AD53-EC32FAF1CC29} = {578D2618-B994-4B73-9838-9E05E0132C26}
		{0C40457E-4586-422A-A161-3ADE8618354F} = {52BFE1ED-2210-4EF0-A92F-192F2B912A0A}
		{F8584C96-0DE5-4291-B103-BA1AB25662AA} = {0C40457E-4586-422A-A161-3ADE8618354F}
		{CD33D86F-14F6-4EA1-BA88-74AD34332E5B} = {0C40457E-4586-422A-A161-3ADE8618354F}
		{7C6BDF1F-FC47-4C92-AE2E-5F76D51339E3} = {382469D4-786B-46FC-AFD3-00FEE4BE2FBD}
		{2BF11B0E-5F8F-474E-9C6B-A7373302C335} = {0C40457E-4586-422A-A161-3ADE8618354F}
		{E8DE4694-6ED5-4D5C-81B0-6A23EF218A62} = {578D2618-B994-4B73-9838-9E05E0132C26}
		{5C29F222-2136-4A15-ABCA-C437A8C98D3F} = {E0E37582-2ECB-4B62-9ACA-B797A22A6704}
		{D0C30E85-E9D4-4A3D-9C67-EC4EBE79785D} = {6B594C72-1F63-42A3-87DB-CC18B5724753}
		{8118104F-4D62-487B-AC55-699490291BB5} = {6B594C72-1F63-42A3-87DB-CC18B5724753}
	EndGlobalSection
	GlobalSection(ExtensibilityGlobals) = postSolution
		SolutionGuid = {5695620D-667A-4F6E-A95A-82E53070F748}
	EndGlobalSection
EndGlobal
