{
  "version": 3,
  "targets": {
    ".NETFramework,Version=v4.5": {
      "FParsec/1.0.3": {
        "type": "package",
        "dependencies": {
          "FSharp.Core": "4.0.0.1"
        },
        "compile": {
          "lib/net40-client/FParsec.dll": {},
          "lib/net40-client/FParsecCS.dll": {}
        },
        "runtime": {
          "lib/net40-client/FParsec.dll": {},
          "lib/net40-client/FParsecCS.dll": {}
        }
      },
      "FSharp.Core/4.3.4": {
        "type": "package",
        "compile": {
          "lib/net45/FSharp.Core.dll": {}
        },
        "runtime": {
          "lib/net45/FSharp.Core.dll": {}
        },
        "resource": {
          "lib/net45/cs/FSharp.Core.resources.dll": {
            "locale": "cs"
          },
          "lib/net45/de/FSharp.Core.resources.dll": {
            "locale": "de"
          },
          "lib/net45/en/FSharp.Core.resources.dll": {
            "locale": "en"
          },
          "lib/net45/es/FSharp.Core.resources.dll": {
            "locale": "es"
          },
          "lib/net45/fr/FSharp.Core.resources.dll": {
            "locale": "fr"
          },
          "lib/net45/it/FSharp.Core.resources.dll": {
            "locale": "it"
          },
          "lib/net45/ja/FSharp.Core.resources.dll": {
            "locale": "ja"
          },
          "lib/net45/ko/FSharp.Core.resources.dll": {
            "locale": "ko"
          },
          "lib/net45/pl/FSharp.Core.resources.dll": {
            "locale": "pl"
          },
          "lib/net45/pt-BR/FSharp.Core.resources.dll": {
            "locale": "pt-BR"
          },
          "lib/net45/ru/FSharp.Core.resources.dll": {
            "locale": "ru"
          },
          "lib/net45/tr/FSharp.Core.resources.dll": {
            "locale": "tr"
          },
          "lib/net45/zh-Hans/FSharp.Core.resources.dll": {
            "locale": "zh-Hans"
          },
          "lib/net45/zh-Hant/FSharp.Core.resources.dll": {
            "locale": "zh-Hant"
          }
        }
      },
      "MathNet.Numerics/4.11.0": {
        "type": "package",
        "frameworkAssemblies": [
          "System",
          "System.Core",
          "System.Numerics",
          "System.Runtime.Serialization"
        ],
        "compile": {
          "lib/net40/MathNet.Numerics.dll": {}
        },
        "runtime": {
          "lib/net40/MathNet.Numerics.dll": {}
        }
      },
      "MathNet.Numerics.FSharp/4.11.0": {
        "type": "package",
        "dependencies": {
          "FSharp.Core": "4.3.3",
          "MathNet.Numerics": "4.11.0"
        },
        "compile": {
          "lib/net45/MathNet.Numerics.FSharp.dll": {}
        },
        "runtime": {
          "lib/net45/MathNet.Numerics.FSharp.dll": {}
        }
      },
      "System.ValueTuple/4.4.0": {
        "type": "package",
        "compile": {
          "ref/portable-net40+sl4+win8+wp8/System.ValueTuple.dll": {}
        },
        "runtime": {
          "lib/netstandard1.0/System.ValueTuple.dll": {}
        }
      },
      "MathNet.Symbolics/1.0.0": {
        "type": "project",
        "framework": ".NETFramework,Version=v4.5",
        "dependencies": {
          "FParsec": "1.0.3",
          "FSharp.Core": "4.3.4",
          "MathNet.Numerics": "4.11.0",
          "MathNet.Numerics.FSharp": "4.11.0",
          "System.ValueTuple": "4.4.0"
        },
        "compile": {
          "bin/placeholder/MathNet.Symbolics.dll": {}
        },
        "runtime": {
          "bin/placeholder/MathNet.Symbolics.dll": {}
        }
      },
      "Sylvester.Expressions/1.0.0": {
        "type": "project",
        "framework": ".NETFramework,Version=v4.5",
        "dependencies": {
          "FParsec": "1.0.3",
          "FSharp.Core": "4.3.4",
          "MathNet.Numerics": "4.11.0",
          "MathNet.Numerics.FSharp": "4.11.0",
          "MathNet.Symbolics": "1.0.0",
          "System.ValueTuple": "4.4.0",
          "Unquote": "1.0.0"
        },
        "compile": {
          "bin/placeholder/Sylvester.Expressions.dll": {}
        },
        "runtime": {
          "bin/placeholder/Sylvester.Expressions.dll": {}
        }
      },
      "Unquote/1.0.0": {
        "type": "project",
        "framework": ".NETFramework,Version=v4.5",
        "dependencies": {
          "FSharp.Core": "4.3.4",
          "System.ValueTuple": "4.4.0"
        },
        "compile": {
          "bin/placeholder/Unquote.dll": {}
        },
        "runtime": {
          "bin/placeholder/Unquote.dll": {}
        }
      }
    },
    ".NETStandard,Version=v2.0": {
      "FParsec/1.0.3": {
        "type": "package",
        "dependencies": {
          "FSharp.Core": "4.2.3",
          "NETStandard.Library": "1.6.1"
        },
        "compile": {
          "lib/netstandard1.6/FParsec.dll": {},
          "lib/netstandard1.6/FParsecCS.dll": {}
        },
        "runtime": {
          "lib/netstandard1.6/FParsec.dll": {},
          "lib/netstandard1.6/FParsecCS.dll": {}
        }
      },
      "FSharp.Core/4.3.4": {
        "type": "package",
        "compile": {
          "lib/netstandard1.6/FSharp.Core.dll": {}
        },
        "runtime": {
          "lib/netstandard1.6/FSharp.Core.dll": {}
        },
        "resource": {
          "lib/netstandard1.6/cs/FSharp.Core.resources.dll": {
            "locale": "cs"
          },
          "lib/netstandard1.6/de/FSharp.Core.resources.dll": {
            "locale": "de"
          },
          "lib/netstandard1.6/en/FSharp.Core.resources.dll": {
            "locale": "en"
          },
          "lib/netstandard1.6/es/FSharp.Core.resources.dll": {
            "locale": "es"
          },
          "lib/netstandard1.6/fr/FSharp.Core.resources.dll": {
            "locale": "fr"
          },
          "lib/netstandard1.6/it/FSharp.Core.resources.dll": {
            "locale": "it"
          },
          "lib/netstandard1.6/ja/FSharp.Core.resources.dll": {
            "locale": "ja"
          },
          "lib/netstandard1.6/ko/FSharp.Core.resources.dll": {
            "locale": "ko"
          },
          "lib/netstandard1.6/pl/FSharp.Core.resources.dll": {
            "locale": "pl"
          },
          "lib/netstandard1.6/pt-BR/FSharp.Core.resources.dll": {
            "locale": "pt-BR"
          },
          "lib/netstandard1.6/ru/FSharp.Core.resources.dll": {
            "locale": "ru"
          },
          "lib/netstandard1.6/tr/FSharp.Core.resources.dll": {
            "locale": "tr"
          },
          "lib/netstandard1.6/zh-Hans/FSharp.Core.resources.dll": {
            "locale": "zh-Hans"
          },
          "lib/netstandard1.6/zh-Hant/FSharp.Core.resources.dll": {
            "locale": "zh-Hant"
          }
        }
      },
      "MathNet.Numerics/4.11.0": {
        "type": "package",
        "compile": {
          "lib/netstandard2.0/MathNet.Numerics.dll": {}
        },
        "runtime": {
          "lib/netstandard2.0/MathNet.Numerics.dll": {}
        }
      },
      "MathNet.Numerics.FSharp/4.11.0": {
        "type": "package",
        "dependencies": {
          "FSharp.Core": "4.3.3",
          "MathNet.Numerics": "4.11.0"
        },
        "compile": {
          "lib/netstandard2.0/MathNet.Numerics.FSharp.dll": {}
        },
        "runtime": {
          "lib/netstandard2.0/MathNet.Numerics.FSharp.dll": {}
        }
      },
      "Microsoft.NETCore.Platforms/1.1.0": {
        "type": "package",
        "compile": {
          "lib/netstandard1.0/_._": {}
        },
        "runtime": {
          "lib/netstandard1.0/_._": {}
        }
      },
      "NETStandard.Library/2.0.3": {
        "type": "package",
        "dependencies": {
          "Microsoft.NETCore.Platforms": "1.1.0"
        },
        "compile": {
          "lib/netstandard1.0/_._": {}
        },
        "runtime": {
          "lib/netstandard1.0/_._": {}
        },
        "build": {
          "build/netstandard2.0/NETStandard.Library.targets": {}
        }
      },
      "MathNet.Symbolics/1.0.0": {
        "type": "project",
        "framework": ".NETStandard,Version=v2.0",
        "dependencies": {
          "FParsec": "1.0.3",
          "FSharp.Core": "4.3.4",
          "MathNet.Numerics": "4.11.0",
          "MathNet.Numerics.FSharp": "4.11.0"
        },
        "compile": {
          "bin/placeholder/MathNet.Symbolics.dll": {}
        },
        "runtime": {
          "bin/placeholder/MathNet.Symbolics.dll": {}
        }
      },
      "Sylvester.Expressions/1.0.0": {
        "type": "project",
        "framework": ".NETStandard,Version=v2.0",
        "dependencies": {
          "FParsec": "1.0.3",
          "FSharp.Core": "4.3.4",
          "MathNet.Numerics": "4.11.0",
          "MathNet.Numerics.FSharp": "4.11.0",
          "MathNet.Symbolics": "1.0.0",
          "Unquote": "1.0.0"
        },
        "compile": {
          "bin/placeholder/Sylvester.Expressions.dll": {}
        },
        "runtime": {
          "bin/placeholder/Sylvester.Expressions.dll": {}
        }
      },
      "Unquote/1.0.0": {
        "type": "project",
        "framework": ".NETStandard,Version=v2.0",
        "dependencies": {
          "FSharp.Core": "4.3.4"
        },
        "compile": {
          "bin/placeholder/Unquote.dll": {}
        },
        "runtime": {
          "bin/placeholder/Unquote.dll": {}
        }
      }
    }
  },
  "libraries": {
    "FParsec/1.0.3": {
      "sha512": "0VoZapcSUHsNCixYawx8RFZHJMRVykaKsks5OOUXRP0bZCpr7UCP6kIjbVFGHIqqBGPtICUMy7j521sH0ZcmrQ==",
      "type": "package",
      "path": "fparsec/1.0.3",
      "files": [
        ".nupkg.metadata",
        ".signature.p7s",
        "fparsec.1.0.3.nupkg.sha512",
        "fparsec.nuspec",
        "lib/net40-client/FParsec.dll",
        "lib/net40-client/FParsec.xml",
        "lib/net40-client/FParsecCS.dll",
        "lib/net40-client/FParsecCS.xml",
        "lib/netstandard1.6/FParsec.dll",
        "lib/netstandard1.6/FParsec.xml",
        "lib/netstandard1.6/FParsecCS.dll",
        "lib/netstandard1.6/FParsecCS.xml",
        "lib/portable-net45+win8+wp8+wpa81/FParsec.dll",
        "lib/portable-net45+win8+wp8+wpa81/FParsec.xml",
        "lib/portable-net45+win8+wp8+wpa81/FParsecCS.dll",
        "lib/portable-net45+win8+wp8+wpa81/FParsecCS.xml"
      ]
    },
    "FSharp.Core/4.3.4": {
      "sha512": "u2UeaUl1pt/Lktdpzq3AsaRmOV1mOiQaSbZgYqQQYuqBSjnILWemetff4xMZIAZi0241jlIkcrJQsU5PlLwIJA==",
      "type": "package",
      "path": "fsharp.core/4.3.4",
      "files": [
        ".nupkg.metadata",
        ".signature.p7s",
        "fsharp.core.4.3.4.nupkg.sha512",
        "fsharp.core.nuspec",
        "lib/net45/FSharp.Core.dll",
        "lib/net45/FSharp.Core.optdata",
        "lib/net45/FSharp.Core.sigdata",
        "lib/net45/FSharp.Core.xml",
        "lib/net45/UnitTests/MockTypeProviders/cs/FSharp.Core.resources.dll",
        "lib/net45/UnitTests/MockTypeProviders/de/FSharp.Core.resources.dll",
        "lib/net45/UnitTests/MockTypeProviders/en/FSharp.Core.resources.dll",
        "lib/net45/UnitTests/MockTypeProviders/es/FSharp.Core.resources.dll",
        "lib/net45/UnitTests/MockTypeProviders/fr/FSharp.Core.resources.dll",
        "lib/net45/UnitTests/MockTypeProviders/it/FSharp.Core.resources.dll",
        "lib/net45/UnitTests/MockTypeProviders/ja/FSharp.Core.resources.dll",
        "lib/net45/UnitTests/MockTypeProviders/ko/FSharp.Core.resources.dll",
        "lib/net45/UnitTests/MockTypeProviders/pl/FSharp.Core.resources.dll",
        "lib/net45/UnitTests/MockTypeProviders/pt-BR/FSharp.Core.resources.dll",
        "lib/net45/UnitTests/MockTypeProviders/ru/FSharp.Core.resources.dll",
        "lib/net45/UnitTests/MockTypeProviders/tr/FSharp.Core.resources.dll",
        "lib/net45/UnitTests/MockTypeProviders/zh-Hans/FSharp.Core.resources.dll",
        "lib/net45/UnitTests/MockTypeProviders/zh-Hant/FSharp.Core.resources.dll",
        "lib/net45/cs/FSharp.Core.resources.dll",
        "lib/net45/de/FSharp.Core.resources.dll",
        "lib/net45/en/FSharp.Core.resources.dll",
        "lib/net45/es/FSharp.Core.resources.dll",
        "lib/net45/fr/FSharp.Core.resources.dll",
        "lib/net45/it/FSharp.Core.resources.dll",
        "lib/net45/ja/FSharp.Core.resources.dll",
        "lib/net45/ko/FSharp.Core.resources.dll",
        "lib/net45/pl/FSharp.Core.resources.dll",
        "lib/net45/pt-BR/FSharp.Core.resources.dll",
        "lib/net45/ru/FSharp.Core.resources.dll",
        "lib/net45/tr/FSharp.Core.resources.dll",
        "lib/net45/zh-Hans/FSharp.Core.resources.dll",
        "lib/net45/zh-Hant/FSharp.Core.resources.dll",
        "lib/netstandard1.6/FSharp.Core.dll",
        "lib/netstandard1.6/FSharp.Core.optdata",
        "lib/netstandard1.6/FSharp.Core.sigdata",
        "lib/netstandard1.6/FSharp.Core.xml",
        "lib/netstandard1.6/cs/FSharp.Core.resources.dll",
        "lib/netstandard1.6/de/FSharp.Core.resources.dll",
        "lib/netstandard1.6/en/FSharp.Core.resources.dll",
        "lib/netstandard1.6/es/FSharp.Core.resources.dll",
        "lib/netstandard1.6/fr/FSharp.Core.resources.dll",
        "lib/netstandard1.6/it/FSharp.Core.resources.dll",
        "lib/netstandard1.6/ja/FSharp.Core.resources.dll",
        "lib/netstandard1.6/ko/FSharp.Core.resources.dll",
        "lib/netstandard1.6/pl/FSharp.Core.resources.dll",
        "lib/netstandard1.6/pt-BR/FSharp.Core.resources.dll",
        "lib/netstandard1.6/ru/FSharp.Core.resources.dll",
        "lib/netstandard1.6/tr/FSharp.Core.resources.dll",
        "lib/netstandard1.6/zh-Hans/FSharp.Core.resources.dll",
        "lib/netstandard1.6/zh-Hant/FSharp.Core.resources.dll"
      ]
    },
    "MathNet.Numerics/4.11.0": {
      "sha512": "nmr86AZMGgLprxygcew8Q2BOlPbSYGIkponJMRBoO+CVohkE/CqYJ2KKMThVJUJ0obJxoYI7agCRe61XDVgZuw==",
      "type": "package",
      "path": "mathnet.numerics/4.11.0",
      "files": [
        ".nupkg.metadata",
        ".signature.p7s",
        "icon.png",
        "lib/net40/MathNet.Numerics.dll",
        "lib/net40/MathNet.Numerics.xml",
        "lib/net461/MathNet.Numerics.dll",
        "lib/net461/MathNet.Numerics.xml",
        "lib/netstandard1.3/MathNet.Numerics.dll",
        "lib/netstandard1.3/MathNet.Numerics.xml",
        "lib/netstandard2.0/MathNet.Numerics.dll",
        "lib/netstandard2.0/MathNet.Numerics.xml",
        "mathnet.numerics.4.11.0.nupkg.sha512",
        "mathnet.numerics.nuspec"
      ]
    },
    "MathNet.Numerics.FSharp/4.11.0": {
      "sha512": "g890Jp09zvc0R4bZZMen+D16qeDUKq0awDk7KEcko1j1dwPVhhtzfFuKclvHpw0scCXmVAgeo3NRv90753NM0Q==",
      "type": "package",
      "path": "mathnet.numerics.fsharp/4.11.0",
      "files": [
        ".nupkg.metadata",
        ".signature.p7s",
        "icon.png",
        "lib/net45/MathNet.Numerics.FSharp.dll",
        "lib/net45/MathNet.Numerics.FSharp.xml",
        "lib/netstandard1.6/MathNet.Numerics.FSharp.dll",
        "lib/netstandard1.6/MathNet.Numerics.FSharp.xml",
        "lib/netstandard2.0/MathNet.Numerics.FSharp.dll",
        "lib/netstandard2.0/MathNet.Numerics.FSharp.xml",
        "mathnet.numerics.fsharp.4.11.0.nupkg.sha512",
        "mathnet.numerics.fsharp.nuspec"
      ]
    },
    "Microsoft.NETCore.Platforms/1.1.0": {
      "sha512": "kz0PEW2lhqygehI/d6XsPCQzD7ff7gUJaVGPVETX611eadGsA3A877GdSlU0LRVMCTH/+P3o2iDTak+S08V2+A==",
      "type": "package",
      "path": "microsoft.netcore.platforms/1.1.0",
      "files": [
        ".nupkg.metadata",
        ".signature.p7s",
        "ThirdPartyNotices.txt",
        "dotnet_library_license.txt",
        "lib/netstandard1.0/_._",
        "microsoft.netcore.platforms.1.1.0.nupkg.sha512",
        "microsoft.netcore.platforms.nuspec",
        "runtime.json"
      ]
    },
    "NETStandard.Library/2.0.3": {
      "sha512": "st47PosZSHrjECdjeIzZQbzivYBJFv6P2nv4cj2ypdI204DO+vZ7l5raGMiX4eXMJ53RfOIg+/s4DHVZ54Nu2A==",
      "type": "package",
      "path": "netstandard.library/2.0.3",
      "files": [
        ".nupkg.metadata",
        ".signature.p7s",
        "LICENSE.TXT",
        "THIRD-PARTY-NOTICES.TXT",
        "build/netstandard2.0/NETStandard.Library.targets",
        "build/netstandard2.0/ref/Microsoft.Win32.Primitives.dll",
        "build/netstandard2.0/ref/System.AppContext.dll",
        "build/netstandard2.0/ref/System.Collections.Concurrent.dll",
        "build/netstandard2.0/ref/System.Collections.NonGeneric.dll",
        "build/netstandard2.0/ref/System.Collections.Specialized.dll",
        "build/netstandard2.0/ref/System.Collections.dll",
        "build/netstandard2.0/ref/System.ComponentModel.Composition.dll",
        "build/netstandard2.0/ref/System.ComponentModel.EventBasedAsync.dll",
        "build/netstandard2.0/ref/System.ComponentModel.Primitives.dll",
        "build/netstandard2.0/ref/System.ComponentModel.TypeConverter.dll",
        "build/netstandard2.0/ref/System.ComponentModel.dll",
        "build/netstandard2.0/ref/System.Console.dll",
        "build/netstandard2.0/ref/System.Core.dll",
        "build/netstandard2.0/ref/System.Data.Common.dll",
        "build/netstandard2.0/ref/System.Data.dll",
        "build/netstandard2.0/ref/System.Diagnostics.Contracts.dll",
        "build/netstandard2.0/ref/System.Diagnostics.Debug.dll",
        "build/netstandard2.0/ref/System.Diagnostics.FileVersionInfo.dll",
        "build/netstandard2.0/ref/System.Diagnostics.Process.dll",
        "build/netstandard2.0/ref/System.Diagnostics.StackTrace.dll",
        "build/netstandard2.0/ref/System.Diagnostics.TextWriterTraceListener.dll",
        "build/netstandard2.0/ref/System.Diagnostics.Tools.dll",
        "build/netstandard2.0/ref/System.Diagnostics.TraceSource.dll",
        "build/netstandard2.0/ref/System.Diagnostics.Tracing.dll",
        "build/netstandard2.0/ref/System.Drawing.Primitives.dll",
        "build/netstandard2.0/ref/System.Drawing.dll",
        "build/netstandard2.0/ref/System.Dynamic.Runtime.dll",
        "build/netstandard2.0/ref/System.Globalization.Calendars.dll",
        "build/netstandard2.0/ref/System.Globalization.Extensions.dll",
        "build/netstandard2.0/ref/System.Globalization.dll",
        "build/netstandard2.0/ref/System.IO.Compression.FileSystem.dll",
        "build/netstandard2.0/ref/System.IO.Compression.ZipFile.dll",
        "build/netstandard2.0/ref/System.IO.Compression.dll",
        "build/netstandard2.0/ref/System.IO.FileSystem.DriveInfo.dll",
        "build/netstandard2.0/ref/System.IO.FileSystem.Primitives.dll",
        "build/netstandard2.0/ref/System.IO.FileSystem.Watcher.dll",
        "build/netstandard2.0/ref/System.IO.FileSystem.dll",
        "build/netstandard2.0/ref/System.IO.IsolatedStorage.dll",
        "build/netstandard2.0/ref/System.IO.MemoryMappedFiles.dll",
        "build/netstandard2.0/ref/System.IO.Pipes.dll",
        "build/netstandard2.0/ref/System.IO.UnmanagedMemoryStream.dll",
        "build/netstandard2.0/ref/System.IO.dll",
        "build/netstandard2.0/ref/System.Linq.Expressions.dll",
        "build/netstandard2.0/ref/System.Linq.Parallel.dll",
        "build/netstandard2.0/ref/System.Linq.Queryable.dll",
        "build/netstandard2.0/ref/System.Linq.dll",
        "build/netstandard2.0/ref/System.Net.Http.dll",
        "build/netstandard2.0/ref/System.Net.NameResolution.dll",
        "build/netstandard2.0/ref/System.Net.NetworkInformation.dll",
        "build/netstandard2.0/ref/System.Net.Ping.dll",
        "build/netstandard2.0/ref/System.Net.Primitives.dll",
        "build/netstandard2.0/ref/System.Net.Requests.dll",
        "build/netstandard2.0/ref/System.Net.Security.dll",
        "build/netstandard2.0/ref/System.Net.Sockets.dll",
        "build/netstandard2.0/ref/System.Net.WebHeaderCollection.dll",
        "build/netstandard2.0/ref/System.Net.WebSockets.Client.dll",
        "build/netstandard2.0/ref/System.Net.WebSockets.dll",
        "build/netstandard2.0/ref/System.Net.dll",
        "build/netstandard2.0/ref/System.Numerics.dll",
        "build/netstandard2.0/ref/System.ObjectModel.dll",
        "build/netstandard2.0/ref/System.Reflection.Extensions.dll",
        "build/netstandard2.0/ref/System.Reflection.Primitives.dll",
        "build/netstandard2.0/ref/System.Reflection.dll",
        "build/netstandard2.0/ref/System.Resources.Reader.dll",
        "build/netstandard2.0/ref/System.Resources.ResourceManager.dll",
        "build/netstandard2.0/ref/System.Resources.Writer.dll",
        "build/netstandard2.0/ref/System.Runtime.CompilerServices.VisualC.dll",
        "build/netstandard2.0/ref/System.Runtime.Extensions.dll",
        "build/netstandard2.0/ref/System.Runtime.Handles.dll",
        "build/netstandard2.0/ref/System.Runtime.InteropServices.RuntimeInformation.dll",
        "build/netstandard2.0/ref/System.Runtime.InteropServices.dll",
        "build/netstandard2.0/ref/System.Runtime.Numerics.dll",
        "build/netstandard2.0/ref/System.Runtime.Serialization.Formatters.dll",
        "build/netstandard2.0/ref/System.Runtime.Serialization.Json.dll",
        "build/netstandard2.0/ref/System.Runtime.Serialization.Primitives.dll",
        "build/netstandard2.0/ref/System.Runtime.Serialization.Xml.dll",
        "build/netstandard2.0/ref/System.Runtime.Serialization.dll",
        "build/netstandard2.0/ref/System.Runtime.dll",
        "build/netstandard2.0/ref/System.Security.Claims.dll",
        "build/netstandard2.0/ref/System.Security.Cryptography.Algorithms.dll",
        "build/netstandard2.0/ref/System.Security.Cryptography.Csp.dll",
        "build/netstandard2.0/ref/System.Security.Cryptography.Encoding.dll",
        "build/netstandard2.0/ref/System.Security.Cryptography.Primitives.dll",
        "build/netstandard2.0/ref/System.Security.Cryptography.X509Certificates.dll",
        "build/netstandard2.0/ref/System.Security.Principal.dll",
        "build/netstandard2.0/ref/System.Security.SecureString.dll",
        "build/netstandard2.0/ref/System.ServiceModel.Web.dll",
        "build/netstandard2.0/ref/System.Text.Encoding.Extensions.dll",
        "build/netstandard2.0/ref/System.Text.Encoding.dll",
        "build/netstandard2.0/ref/System.Text.RegularExpressions.dll",
        "build/netstandard2.0/ref/System.Threading.Overlapped.dll",
        "build/netstandard2.0/ref/System.Threading.Tasks.Parallel.dll",
        "build/netstandard2.0/ref/System.Threading.Tasks.dll",
        "build/netstandard2.0/ref/System.Threading.Thread.dll",
        "build/netstandard2.0/ref/System.Threading.ThreadPool.dll",
        "build/netstandard2.0/ref/System.Threading.Timer.dll",
        "build/netstandard2.0/ref/System.Threading.dll",
        "build/netstandard2.0/ref/System.Transactions.dll",
        "build/netstandard2.0/ref/System.ValueTuple.dll",
        "build/netstandard2.0/ref/System.Web.dll",
        "build/netstandard2.0/ref/System.Windows.dll",
        "build/netstandard2.0/ref/System.Xml.Linq.dll",
        "build/netstandard2.0/ref/System.Xml.ReaderWriter.dll",
        "build/netstandard2.0/ref/System.Xml.Serialization.dll",
        "build/netstandard2.0/ref/System.Xml.XDocument.dll",
        "build/netstandard2.0/ref/System.Xml.XPath.XDocument.dll",
        "build/netstandard2.0/ref/System.Xml.XPath.dll",
        "build/netstandard2.0/ref/System.Xml.XmlDocument.dll",
        "build/netstandard2.0/ref/System.Xml.XmlSerializer.dll",
        "build/netstandard2.0/ref/System.Xml.dll",
        "build/netstandard2.0/ref/System.dll",
        "build/netstandard2.0/ref/mscorlib.dll",
        "build/netstandard2.0/ref/netstandard.dll",
        "build/netstandard2.0/ref/netstandard.xml",
        "lib/netstandard1.0/_._",
        "netstandard.library.2.0.3.nupkg.sha512",
        "netstandard.library.nuspec"
      ]
    },
    "System.ValueTuple/4.4.0": {
      "sha512": "BahUww/+mdP4ARCAh2RQhQTg13wYLVrBb9SYVgW8ZlrwjraGCXHGjo0oIiUfZ34LUZkMMR+RAzR7dEY4S1HeQQ==",
      "type": "package",
      "path": "system.valuetuple/4.4.0",
      "files": [
        ".nupkg.metadata",
        ".signature.p7s",
        "LICENSE.TXT",
        "THIRD-PARTY-NOTICES.TXT",
        "lib/MonoAndroid10/_._",
        "lib/MonoTouch10/_._",
        "lib/net461/System.ValueTuple.dll",
        "lib/net461/System.ValueTuple.xml",
        "lib/net47/System.ValueTuple.dll",
        "lib/net47/System.ValueTuple.xml",
        "lib/netcoreapp2.0/_._",
        "lib/netstandard1.0/System.ValueTuple.dll",
        "lib/netstandard1.0/System.ValueTuple.xml",
        "lib/netstandard2.0/_._",
        "lib/portable-net40+sl4+win8+wp8/System.ValueTuple.dll",
        "lib/portable-net40+sl4+win8+wp8/System.ValueTuple.xml",
        "lib/xamarinios10/_._",
        "lib/xamarinmac20/_._",
        "lib/xamarintvos10/_._",
        "lib/xamarinwatchos10/_._",
        "ref/MonoAndroid10/_._",
        "ref/MonoTouch10/_._",
        "ref/net461/System.ValueTuple.dll",
        "ref/net461/System.ValueTuple.xml",
        "ref/net47/System.ValueTuple.dll",
        "ref/net47/System.ValueTuple.xml",
        "ref/netcoreapp2.0/_._",
        "ref/netstandard2.0/_._",
        "ref/portable-net40+sl4+win8+wp8/System.ValueTuple.dll",
        "ref/portable-net40+sl4+win8+wp8/System.ValueTuple.xml",
        "ref/xamarinios10/_._",
        "ref/xamarinmac20/_._",
        "ref/xamarintvos10/_._",
        "ref/xamarinwatchos10/_._",
        "system.valuetuple.4.4.0.nupkg.sha512",
        "system.valuetuple.nuspec",
        "useSharedDesignerContext.txt",
        "version.txt"
      ]
    },
    "MathNet.Symbolics/1.0.0": {
      "type": "project",
      "path": "../../Math/CAS/Sylvester.CAS.MathNet/Sylvester.CAS.MathNet.fsproj",
      "msbuildProject": "../../Math/CAS/Sylvester.CAS.MathNet/Sylvester.CAS.MathNet.fsproj"
    },
    "Sylvester.Expressions/1.0.0": {
      "type": "project",
      "path": "../Sylvester.Expressions/Sylvester.Expressions.fsproj",
      "msbuildProject": "../Sylvester.Expressions/Sylvester.Expressions.fsproj"
    },
    "Unquote/1.0.0": {
      "type": "project",
      "path": "../../../ext/unquote/Unquote.NetStandard/Unquote.NetStandard.fsproj",
      "msbuildProject": "../../../ext/unquote/Unquote.NetStandard/Unquote.NetStandard.fsproj"
    }
  },
  "projectFileDependencyGroups": {
    ".NETFramework,Version=v4.5": [
      "FSharp.Core >= 4.3.4",
      "Sylvester.Expressions >= 1.0.0",
      "System.ValueTuple >= 4.4.0"
    ],
    ".NETStandard,Version=v2.0": [
      "FSharp.Core >= 4.3.4",
      "NETStandard.Library >= 2.0.3",
      "Sylvester.Expressions >= 1.0.0"
    ]
  },
  "packageFolders": {
    "C:\\Users\\Allister\\.nuget\\packages\\": {},
    "C:\\Program Files\\dotnet\\sdk\\NuGetFallbackFolder": {}
  },
  "project": {
    "version": "0.2.6",
    "restore": {
      "projectUniqueName": "C:\\Projects\\Sylvester.git\\src\\Lang\\Sylvester.Prover\\Sylvester.Prover.fsproj",
      "projectName": "Sylph",
      "projectPath": "C:\\Projects\\Sylvester.git\\src\\Lang\\Sylvester.Prover\\Sylvester.Prover.fsproj",
      "packagesPath": "C:\\Users\\Allister\\.nuget\\packages\\",
      "outputPath": "C:\\Projects\\Sylvester.git\\src\\Lang\\Sylvester.Prover\\obj\\",
      "projectStyle": "PackageReference",
      "crossTargeting": true,
      "fallbackFolders": [
        "C:\\Program Files\\dotnet\\sdk\\NuGetFallbackFolder"
      ],
      "configFilePaths": [
        "C:\\Projects\\Sylvester.git\\NuGet.Config",
        "C:\\Users\\Allister\\AppData\\Roaming\\NuGet\\NuGet.Config",
        "C:\\Program Files (x86)\\NuGet\\Config\\Microsoft.VisualStudio.Offline.config"
      ],
      "originalTargetFrameworks": [
        "net45",
        "netstandard2.0"
      ],
      "sources": {
        "https://api.nuget.org/v3/index.json": {},
        "https://dotnet.myget.org/F/dotnet-corefxlab/api/v3/index.json": {},
        "https://dotnet.myget.org/F/dotnet-try/api/v3/index.json": {},
        "https://dotnet.myget.org/F/fsharp/api/v3/index.json": {},
        "https://dotnet.myget.org/F/roslyn/api/v3/index.json": {},
        "https://dotnetfeed.blob.core.windows.net/dotnet-core/index.json": {}
      },
      "frameworks": {
        "net45": {
          "projectReferences": {
            "C:\\Projects\\Sylvester.git\\src\\Lang\\Sylvester.Expressions\\Sylvester.Expressions.fsproj": {
              "projectPath": "C:\\Projects\\Sylvester.git\\src\\Lang\\Sylvester.Expressions\\Sylvester.Expressions.fsproj"
            }
          }
        },
        "netstandard2.0": {
          "projectReferences": {
            "C:\\Projects\\Sylvester.git\\src\\Lang\\Sylvester.Expressions\\Sylvester.Expressions.fsproj": {
              "projectPath": "C:\\Projects\\Sylvester.git\\src\\Lang\\Sylvester.Expressions\\Sylvester.Expressions.fsproj"
            }
          }
        }
      }
    },
    "frameworks": {
      "net45": {
        "dependencies": {
          "FSharp.Core": {
            "target": "Package",
            "version": "[4.3.4, )"
          },
          "System.ValueTuple": {
            "target": "Package",
            "version": "[4.4.0, )"
          }
        },
        "runtimeIdentifierGraphPath": "C:\\Program Files\\dotnet\\sdk\\3.1.100\\RuntimeIdentifierGraph.json"
      },
      "netstandard2.0": {
        "dependencies": {
          "FSharp.Core": {
            "target": "Package",
            "version": "[4.3.4, )"
          },
          "NETStandard.Library": {
            "suppressParent": "All",
            "target": "Package",
            "version": "[2.0.3, )",
            "autoReferenced": true
          }
        },
        "imports": [
          "net461",
          "net462",
          "net47",
          "net471",
          "net472",
          "net48"
        ],
        "assetTargetFallback": true,
        "warn": true,
        "runtimeIdentifierGraphPath": "C:\\Program Files\\dotnet\\sdk\\3.1.100\\RuntimeIdentifierGraph.json"
      }
    }
  }
}